// !$*UTF8*$!
{
	archiveVersion = 1;
	classes = {
	};
	objectVersion = 55;
	objects = {

/* Begin PBXBuildFile section */
		9B6BFC4127F99D920092291B /* AppDelegate.swift in Sources */ = {isa = PBXBuildFile; fileRef = 9B6BFC4027F99D920092291B /* AppDelegate.swift */; };
		9B6BFC4327F99D920092291B /* SceneDelegate.swift in Sources */ = {isa = PBXBuildFile; fileRef = 9B6BFC4227F99D920092291B /* SceneDelegate.swift */; };
		9B6BFC4527F99D920092291B /* ViewController.swift in Sources */ = {isa = PBXBuildFile; fileRef = 9B6BFC4427F99D920092291B /* ViewController.swift */; };
		9B6BFC4827F99D920092291B /* Main.storyboard in Resources */ = {isa = PBXBuildFile; fileRef = 9B6BFC4627F99D920092291B /* Main.storyboard */; };
		9B6BFC4A27F99D940092291B /* Assets.xcassets in Resources */ = {isa = PBXBuildFile; fileRef = 9B6BFC4927F99D940092291B /* Assets.xcassets */; };
		9B6BFC4D27F99D940092291B /* LaunchScreen.storyboard in Resources */ = {isa = PBXBuildFile; fileRef = 9B6BFC4B27F99D940092291B /* LaunchScreen.storyboard */; };
		9B6BFC5827F99D940092291B /* protocol_2Tests.swift in Sources */ = {isa = PBXBuildFile; fileRef = 9B6BFC5727F99D940092291B /* protocol_2Tests.swift */; };
		9B6BFC6227F99D940092291B /* protocol_2UITests.swift in Sources */ = {isa = PBXBuildFile; fileRef = 9B6BFC6127F99D940092291B /* protocol_2UITests.swift */; };
		9B6BFC6427F99D940092291B /* protocol_2UITestsLaunchTests.swift in Sources */ = {isa = PBXBuildFile; fileRef = 9B6BFC6327F99D940092291B /* protocol_2UITestsLaunchTests.swift */; };
/* End PBXBuildFile section */

/* Begin PBXContainerItemProxy section */
		9B6BFC5427F99D940092291B /* PBXContainerItemProxy */ = {
			isa = PBXContainerItemProxy;
			containerPortal = 9B6BFC3527F99D920092291B /* Project object */;
			proxyType = 1;
			remoteGlobalIDString = 9B6BFC3C27F99D920092291B;
			remoteInfo = protocol_2;
		};
		9B6BFC5E27F99D940092291B /* PBXContainerItemProxy */ = {
			isa = PBXContainerItemProxy;
			containerPortal = 9B6BFC3527F99D920092291B /* Project object */;
			proxyType = 1;
			remoteGlobalIDString = 9B6BFC3C27F99D920092291B;
			remoteInfo = protocol_2;
		};
/* End PBXContainerItemProxy section */

/* Begin PBXFileReference section */
		9B6BFC3D27F99D920092291B /* protocol_2.app */ = {isa = PBXFileReference; explicitFileType = wrapper.application; includeInIndex = 0; path = protocol_2.app; sourceTree = BUILT_PRODUCTS_DIR; };
		9B6BFC4027F99D920092291B /* AppDelegate.swift */ = {isa = PBXFileReference; lastKnownFileType = sourcecode.swift; path = AppDelegate.swift; sourceTree = "<group>"; };
		9B6BFC4227F99D920092291B /* SceneDelegate.swift */ = {isa = PBXFileReference; lastKnownFileType = sourcecode.swift; path = SceneDelegate.swift; sourceTree = "<group>"; };
		9B6BFC4427F99D920092291B /* ViewController.swift */ = {isa = PBXFileReference; lastKnownFileType = sourcecode.swift; path = ViewController.swift; sourceTree = "<group>"; };
		9B6BFC4727F99D920092291B /* Base */ = {isa = PBXFileReference; lastKnownFileType = file.storyboard; name = Base; path = Base.lproj/Main.storyboard; sourceTree = "<group>"; };
		9B6BFC4927F99D940092291B /* Assets.xcassets */ = {isa = PBXFileReference; lastKnownFileType = folder.assetcatalog; path = Assets.xcassets; sourceTree = "<group>"; };
		9B6BFC4C27F99D940092291B /* Base */ = {isa = PBXFileReference; lastKnownFileType = file.storyboard; name = Base; path = Base.lproj/LaunchScreen.storyboard; sourceTree = "<group>"; };
		9B6BFC4E27F99D940092291B /* Info.plist */ = {isa = PBXFileReference; lastKnownFileType = text.plist.xml; path = Info.plist; sourceTree = "<group>"; };
		9B6BFC5327F99D940092291B /* protocol_2Tests.xctest */ = {isa = PBXFileReference; explicitFileType = wrapper.cfbundle; includeInIndex = 0; path = protocol_2Tests.xctest; sourceTree = BUILT_PRODUCTS_DIR; };
		9B6BFC5727F99D940092291B /* protocol_2Tests.swift */ = {isa = PBXFileReference; lastKnownFileType = sourcecode.swift; path = protocol_2Tests.swift; sourceTree = "<group>"; };
		9B6BFC5D27F99D940092291B /* protocol_2UITests.xctest */ = {isa = PBXFileReference; explicitFileType = wrapper.cfbundle; includeInIndex = 0; path = protocol_2UITests.xctest; sourceTree = BUILT_PRODUCTS_DIR; };
		9B6BFC6127F99D940092291B /* protocol_2UITests.swift */ = {isa = PBXFileReference; lastKnownFileType = sourcecode.swift; path = protocol_2UITests.swift; sourceTree = "<group>"; };
		9B6BFC6327F99D940092291B /* protocol_2UITestsLaunchTests.swift */ = {isa = PBXFileReference; lastKnownFileType = sourcecode.swift; path = protocol_2UITestsLaunchTests.swift; sourceTree = "<group>"; };
/* End PBXFileReference section */

/* Begin PBXFrameworksBuildPhase section */
		9B6BFC3A27F99D920092291B /* Frameworks */ = {
			isa = PBXFrameworksBuildPhase;
			buildActionMask = 2147483647;
			files = (
			);
			runOnlyForDeploymentPostprocessing = 0;
		};
		9B6BFC5027F99D940092291B /* Frameworks */ = {
			isa = PBXFrameworksBuildPhase;
			buildActionMask = 2147483647;
			files = (
			);
			runOnlyForDeploymentPostprocessing = 0;
		};
		9B6BFC5A27F99D940092291B /* Frameworks */ = {
			isa = PBXFrameworksBuildPhase;
			buildActionMask = 2147483647;
			files = (
			);
			runOnlyForDeploymentPostprocessing = 0;
		};
/* End PBXFrameworksBuildPhase section */

/* Begin PBXGroup section */
		9B6BFC3427F99D920092291B = {
			isa = PBXGroup;
			children = (
				9B6BFC3F27F99D920092291B /* protocol_2 */,
				9B6BFC5627F99D940092291B /* protocol_2Tests */,
				9B6BFC6027F99D940092291B /* protocol_2UITests */,
				9B6BFC3E27F99D920092291B /* Products */,
			);
			sourceTree = "<group>";
		};
		9B6BFC3E27F99D920092291B /* Products */ = {
			isa = PBXGroup;
			children = (
				9B6BFC3D27F99D920092291B /* protocol_2.app */,
				9B6BFC5327F99D940092291B /* protocol_2Tests.xctest */,
				9B6BFC5D27F99D940092291B /* protocol_2UITests.xctest */,
			);
			name = Products;
			sourceTree = "<group>";
		};
		9B6BFC3F27F99D920092291B /* protocol_2 */ = {
			isa = PBXGroup;
			children = (
				9B6BFC4027F99D920092291B /* AppDelegate.swift */,
				9B6BFC4227F99D920092291B /* SceneDelegate.swift */,
				9B6BFC4427F99D920092291B /* ViewController.swift */,
				9B6BFC4627F99D920092291B /* Main.storyboard */,
				9B6BFC4927F99D940092291B /* Assets.xcassets */,
				9B6BFC4B27F99D940092291B /* LaunchScreen.storyboard */,
				9B6BFC4E27F99D940092291B /* Info.plist */,
			);
			path = protocol_2;
			sourceTree = "<group>";
		};
		9B6BFC5627F99D940092291B /* protocol_2Tests */ = {
			isa = PBXGroup;
			children = (
				9B6BFC5727F99D940092291B /* protocol_2Tests.swift */,
			);
			path = protocol_2Tests;
			sourceTree = "<group>";
		};
		9B6BFC6027F99D940092291B /* protocol_2UITests */ = {
			isa = PBXGroup;
			children = (
				9B6BFC6127F99D940092291B /* protocol_2UITests.swift */,
				9B6BFC6327F99D940092291B /* protocol_2UITestsLaunchTests.swift */,
			);
			path = protocol_2UITests;
			sourceTree = "<group>";
		};
/* End PBXGroup section */

/* Begin PBXNativeTarget section */
		9B6BFC3C27F99D920092291B /* protocol_2 */ = {
			isa = PBXNativeTarget;
			buildConfigurationList = 9B6BFC6727F99D940092291B /* Build configuration list for PBXNativeTarget "protocol_2" */;
			buildPhases = (
				9B6BFC3927F99D920092291B /* Sources */,
				9B6BFC3A27F99D920092291B /* Frameworks */,
				9B6BFC3B27F99D920092291B /* Resources */,
			);
			buildRules = (
			);
			dependencies = (
			);
			name = protocol_2;
			productName = protocol_2;
			productReference = 9B6BFC3D27F99D920092291B /* protocol_2.app */;
			productType = "com.apple.product-type.application";
		};
		9B6BFC5227F99D940092291B /* protocol_2Tests */ = {
			isa = PBXNativeTarget;
			buildConfigurationList = 9B6BFC6A27F99D940092291B /* Build configuration list for PBXNativeTarget "protocol_2Tests" */;
			buildPhases = (
				9B6BFC4F27F99D940092291B /* Sources */,
				9B6BFC5027F99D940092291B /* Frameworks */,
				9B6BFC5127F99D940092291B /* Resources */,
			);
			buildRules = (
			);
			dependencies = (
				9B6BFC5527F99D940092291B /* PBXTargetDependency */,
			);
			name = protocol_2Tests;
			productName = protocol_2Tests;
			productReference = 9B6BFC5327F99D940092291B /* protocol_2Tests.xctest */;
			productType = "com.apple.product-type.bundle.unit-test";
		};
		9B6BFC5C27F99D940092291B /* protocol_2UITests */ = {
			isa = PBXNativeTarget;
			buildConfigurationList = 9B6BFC6D27F99D940092291B /* Build configuration list for PBXNativeTarget "protocol_2UITests" */;
			buildPhases = (
				9B6BFC5927F99D940092291B /* Sources */,
				9B6BFC5A27F99D940092291B /* Frameworks */,
				9B6BFC5B27F99D940092291B /* Resources */,
			);
			buildRules = (
			);
			dependencies = (
				9B6BFC5F27F99D940092291B /* PBXTargetDependency */,
			);
			name = protocol_2UITests;
			productName = protocol_2UITests;
			productReference = 9B6BFC5D27F99D940092291B /* protocol_2UITests.xctest */;
			productType = "com.apple.product-type.bundle.ui-testing";
		};
/* End PBXNativeTarget section */

/* Begin PBXProject section */
		9B6BFC3527F99D920092291B /* Project object */ = {
			isa = PBXProject;
			attributes = {
				BuildIndependentTargetsInParallel = 1;
				LastSwiftUpdateCheck = 1330;
				LastUpgradeCheck = 1330;
				TargetAttributes = {
					9B6BFC3C27F99D920092291B = {
						CreatedOnToolsVersion = 13.3;
					};
					9B6BFC5227F99D940092291B = {
						CreatedOnToolsVersion = 13.3;
						TestTargetID = 9B6BFC3C27F99D920092291B;
					};
					9B6BFC5C27F99D940092291B = {
						CreatedOnToolsVersion = 13.3;
						TestTargetID = 9B6BFC3C27F99D920092291B;
					};
				};
			};
			buildConfigurationList = 9B6BFC3827F99D920092291B /* Build configuration list for PBXProject "protocol_2" */;
			compatibilityVersion = "Xcode 13.0";
			developmentRegion = en;
			hasScannedForEncodings = 0;
			knownRegions = (
				en,
				Base,
			);
			mainGroup = 9B6BFC3427F99D920092291B;
			productRefGroup = 9B6BFC3E27F99D920092291B /* Products */;
			projectDirPath = "";
			projectRoot = "";
			targets = (
				9B6BFC3C27F99D920092291B /* protocol_2 */,
				9B6BFC5227F99D940092291B /* protocol_2Tests */,
				9B6BFC5C27F99D940092291B /* protocol_2UITests */,
			);
		};
/* End PBXProject section */

/* Begin PBXResourcesBuildPhase section */
		9B6BFC3B27F99D920092291B /* Resources */ = {
			isa = PBXResourcesBuildPhase;
			buildActionMask = 2147483647;
			files = (
				9B6BFC4D27F99D940092291B /* LaunchScreen.storyboard in Resources */,
				9B6BFC4A27F99D940092291B /* Assets.xcassets in Resources */,
				9B6BFC4827F99D920092291B /* Main.storyboard in Resources */,
			);
			runOnlyForDeploymentPostprocessing = 0;
		};
		9B6BFC5127F99D940092291B /* Resources */ = {
			isa = PBXResourcesBuildPhase;
			buildActionMask = 2147483647;
			files = (
			);
			runOnlyForDeploymentPostprocessing = 0;
		};
		9B6BFC5B27F99D940092291B /* Resources */ = {
			isa = PBXResourcesBuildPhase;
			buildActionMask = 2147483647;
			files = (
			);
			runOnlyForDeploymentPostprocessing = 0;
		};
/* End PBXResourcesBuildPhase section */

/* Begin PBXSourcesBuildPhase section */
		9B6BFC3927F99D920092291B /* Sources */ = {
			isa = PBXSourcesBuildPhase;
			buildActionMask = 2147483647;
			files = (
				9B6BFC4527F99D920092291B /* ViewController.swift in Sources */,
				9B6BFC4127F99D920092291B /* AppDelegate.swift in Sources */,
				9B6BFC4327F99D920092291B /* SceneDelegate.swift in Sources */,
			);
			runOnlyForDeploymentPostprocessing = 0;
		};
		9B6BFC4F27F99D940092291B /* Sources */ = {
			isa = PBXSourcesBuildPhase;
			buildActionMask = 2147483647;
			files = (
				9B6BFC5827F99D940092291B /* protocol_2Tests.swift in Sources */,
			);
			runOnlyForDeploymentPostprocessing = 0;
		};
		9B6BFC5927F99D940092291B /* Sources */ = {
			isa = PBXSourcesBuildPhase;
			buildActionMask = 2147483647;
			files = (
				9B6BFC6227F99D940092291B /* protocol_2UITests.swift in Sources */,
				9B6BFC6427F99D940092291B /* protocol_2UITestsLaunchTests.swift in Sources */,
			);
			runOnlyForDeploymentPostprocessing = 0;
		};
/* End PBXSourcesBuildPhase section */

/* Begin PBXTargetDependency section */
		9B6BFC5527F99D940092291B /* PBXTargetDependency */ = {
			isa = PBXTargetDependency;
			target = 9B6BFC3C27F99D920092291B /* protocol_2 */;
			targetProxy = 9B6BFC5427F99D940092291B /* PBXContainerItemProxy */;
		};
		9B6BFC5F27F99D940092291B /* PBXTargetDependency */ = {
			isa = PBXTargetDependency;
			target = 9B6BFC3C27F99D920092291B /* protocol_2 */;
			targetProxy = 9B6BFC5E27F99D940092291B /* PBXContainerItemProxy */;
		};
/* End PBXTargetDependency section */

/* Begin PBXVariantGroup section */
		9B6BFC4627F99D920092291B /* Main.storyboard */ = {
			isa = PBXVariantGroup;
			children = (
				9B6BFC4727F99D920092291B /* Base */,
			);
			name = Main.storyboard;
			sourceTree = "<group>";
		};
		9B6BFC4B27F99D940092291B /* LaunchScreen.storyboard */ = {
			isa = PBXVariantGroup;
			children = (
				9B6BFC4C27F99D940092291B /* Base */,
			);
			name = LaunchScreen.storyboard;
			sourceTree = "<group>";
		};
/* End PBXVariantGroup section */

/* Begin XCBuildConfiguration section */
		9B6BFC6527F99D940092291B /* Debug */ = {
			isa = XCBuildConfiguration;
			buildSettings = {
				ALWAYS_SEARCH_USER_PATHS = NO;
				CLANG_ANALYZER_NONNULL = YES;
				CLANG_ANALYZER_NUMBER_OBJECT_CONVERSION = YES_AGGRESSIVE;
				CLANG_CXX_LANGUAGE_STANDARD = "gnu++17";
				CLANG_ENABLE_MODULES = YES;
				CLANG_ENABLE_OBJC_ARC = YES;
				CLANG_ENABLE_OBJC_WEAK = YES;
				CLANG_WARN_BLOCK_CAPTURE_AUTORELEASING = YES;
				CLANG_WARN_BOOL_CONVERSION = YES;
				CLANG_WARN_COMMA = YES;
				CLANG_WARN_CONSTANT_CONVERSION = YES;
				CLANG_WARN_DEPRECATED_OBJC_IMPLEMENTATIONS = YES;
				CLANG_WARN_DIRECT_OBJC_ISA_USAGE = YES_ERROR;
				CLANG_WARN_DOCUMENTATION_COMMENTS = YES;
				CLANG_WARN_EMPTY_BODY = YES;
				CLANG_WARN_ENUM_CONVERSION = YES;
				CLANG_WARN_INFINITE_RECURSION = YES;
				CLANG_WARN_INT_CONVERSION = YES;
				CLANG_WARN_NON_LITERAL_NULL_CONVERSION = YES;
				CLANG_WARN_OBJC_IMPLICIT_RETAIN_SELF = YES;
				CLANG_WARN_OBJC_LITERAL_CONVERSION = YES;
				CLANG_WARN_OBJC_ROOT_CLASS = YES_ERROR;
				CLANG_WARN_QUOTED_INCLUDE_IN_FRAMEWORK_HEADER = YES;
				CLANG_WARN_RANGE_LOOP_ANALYSIS = YES;
				CLANG_WARN_STRICT_PROTOTYPES = YES;
				CLANG_WARN_SUSPICIOUS_MOVE = YES;
				CLANG_WARN_UNGUARDED_AVAILABILITY = YES_AGGRESSIVE;
				CLANG_WARN_UNREACHABLE_CODE = YES;
				CLANG_WARN__DUPLICATE_METHOD_MATCH = YES;
				COPY_PHASE_STRIP = NO;
				DEBUG_INFORMATION_FORMAT = dwarf;
				ENABLE_STRICT_OBJC_MSGSEND = YES;
				ENABLE_TESTABILITY = YES;
				GCC_C_LANGUAGE_STANDARD = gnu11;
				GCC_DYNAMIC_NO_PIC = NO;
				GCC_NO_COMMON_BLOCKS = YES;
				GCC_OPTIMIZATION_LEVEL = 0;
				GCC_PREPROCESSOR_DEFINITIONS = (
					"DEBUG=1",
					"$(inherited)",
				);
				GCC_WARN_64_TO_32_BIT_CONVERSION = YES;
				GCC_WARN_ABOUT_RETURN_TYPE = YES_ERROR;
				GCC_WARN_UNDECLARED_SELECTOR = YES;
				GCC_WARN_UNINITIALIZED_AUTOS = YES_AGGRESSIVE;
				GCC_WARN_UNUSED_FUNCTION = YES;
				GCC_WARN_UNUSED_VARIABLE = YES;
				IPHONEOS_DEPLOYMENT_TARGET = 15.4;
				MTL_ENABLE_DEBUG_INFO = INCLUDE_SOURCE;
				MTL_FAST_MATH = YES;
				ONLY_ACTIVE_ARCH = YES;
				SDKROOT = iphoneos;
				SWIFT_ACTIVE_COMPILATION_CONDITIONS = DEBUG;
				SWIFT_OPTIMIZATION_LEVEL = "-Onone";
			};
			name = Debug;
		};
		9B6BFC6627F99D940092291B /* Release */ = {
			isa = XCBuildConfiguration;
			buildSettings = {
				ALWAYS_SEARCH_USER_PATHS = NO;
				CLANG_ANALYZER_NONNULL = YES;
				CLANG_ANALYZER_NUMBER_OBJECT_CONVERSION = YES_AGGRESSIVE;
				CLANG_CXX_LANGUAGE_STANDARD = "gnu++17";
				CLANG_ENABLE_MODULES = YES;
				CLANG_ENABLE_OBJC_ARC = YES;
				CLANG_ENABLE_OBJC_WEAK = YES;
				CLANG_WARN_BLOCK_CAPTURE_AUTORELEASING = YES;
				CLANG_WARN_BOOL_CONVERSION = YES;
				CLANG_WARN_COMMA = YES;
				CLANG_WARN_CONSTANT_CONVERSION = YES;
				CLANG_WARN_DEPRECATED_OBJC_IMPLEMENTATIONS = YES;
				CLANG_WARN_DIRECT_OBJC_ISA_USAGE = YES_ERROR;
				CLANG_WARN_DOCUMENTATION_COMMENTS = YES;
				CLANG_WARN_EMPTY_BODY = YES;
				CLANG_WARN_ENUM_CONVERSION = YES;
				CLANG_WARN_INFINITE_RECURSION = YES;
				CLANG_WARN_INT_CONVERSION = YES;
				CLANG_WARN_NON_LITERAL_NULL_CONVERSION = YES;
				CLANG_WARN_OBJC_IMPLICIT_RETAIN_SELF = YES;
				CLANG_WARN_OBJC_LITERAL_CONVERSION = YES;
				CLANG_WARN_OBJC_ROOT_CLASS = YES_ERROR;
				CLANG_WARN_QUOTED_INCLUDE_IN_FRAMEWORK_HEADER = YES;
				CLANG_WARN_RANGE_LOOP_ANALYSIS = YES;
				CLANG_WARN_STRICT_PROTOTYPES = YES;
				CLANG_WARN_SUSPICIOUS_MOVE = YES;
				CLANG_WARN_UNGUARDED_AVAILABILITY = YES_AGGRESSIVE;
				CLANG_WARN_UNREACHABLE_CODE = YES;
				CLANG_WARN__DUPLICATE_METHOD_MATCH = YES;
				COPY_PHASE_STRIP = NO;
				DEBUG_INFORMATION_FORMAT = "dwarf-with-dsym";
				ENABLE_NS_ASSERTIONS = NO;
				ENABLE_STRICT_OBJC_MSGSEND = YES;
				GCC_C_LANGUAGE_STANDARD = gnu11;
				GCC_NO_COMMON_BLOCKS = YES;
				GCC_WARN_64_TO_32_BIT_CONVERSION = YES;
				GCC_WARN_ABOUT_RETURN_TYPE = YES_ERROR;
				GCC_WARN_UNDECLARED_SELECTOR = YES;
				GCC_WARN_UNINITIALIZED_AUTOS = YES_AGGRESSIVE;
				GCC_WARN_UNUSED_FUNCTION = YES;
				GCC_WARN_UNUSED_VARIABLE = YES;
				IPHONEOS_DEPLOYMENT_TARGET = 15.4;
				MTL_ENABLE_DEBUG_INFO = NO;
				MTL_FAST_MATH = YES;
				SDKROOT = iphoneos;
				SWIFT_COMPILATION_MODE = wholemodule;
				SWIFT_OPTIMIZATION_LEVEL = "-O";
				VALIDATE_PRODUCT = YES;
			};
			name = Release;
		};
		9B6BFC6827F99D940092291B /* Debug */ = {
			isa = XCBuildConfiguration;
			buildSettings = {
				ASSETCATALOG_COMPILER_APPICON_NAME = AppIcon;
				ASSETCATALOG_COMPILER_GLOBAL_ACCENT_COLOR_NAME = AccentColor;
				CODE_SIGN_STYLE = Automatic;
				CURRENT_PROJECT_VERSION = 1;
				DEVELOPMENT_TEAM = 9LAFQ24GSN;
				GENERATE_INFOPLIST_FILE = YES;
				INFOPLIST_FILE = protocol_2/Info.plist;
				INFOPLIST_KEY_UIApplicationSupportsIndirectInputEvents = YES;
				INFOPLIST_KEY_UILaunchStoryboardName = LaunchScreen;
				INFOPLIST_KEY_UIMainStoryboardFile = Main;
				INFOPLIST_KEY_UISupportedInterfaceOrientations_iPad = "UIInterfaceOrientationPortrait UIInterfaceOrientationPortraitUpsideDown UIInterfaceOrientationLandscapeLeft UIInterfaceOrientationLandscapeRight";
				INFOPLIST_KEY_UISupportedInterfaceOrientations_iPhone = "UIInterfaceOrientationPortrait UIInterfaceOrientationLandscapeLeft UIInterfaceOrientationLandscapeRight";
				LD_RUNPATH_SEARCH_PATHS = (
					"$(inherited)",
					"@executable_path/Frameworks",
				);
				MARKETING_VERSION = 1.0;
				PRODUCT_BUNDLE_IDENTIFIER = "Jason.protocol-2";
				PRODUCT_NAME = "$(TARGET_NAME)";
				SWIFT_EMIT_LOC_STRINGS = YES;
				SWIFT_VERSION = 5.0;
				TARGETED_DEVICE_FAMILY = "1,2";
			};
			name = Debug;
		};
		9B6BFC6927F99D940092291B /* Release */ = {
			isa = XCBuildConfiguration;
			buildSettings = {
				ASSETCATALOG_COMPILER_APPICON_NAME = AppIcon;
				ASSETCATALOG_COMPILER_GLOBAL_ACCENT_COLOR_NAME = AccentColor;
				CODE_SIGN_STYLE = Automatic;
				CURRENT_PROJECT_VERSION = 1;
				DEVELOPMENT_TEAM = 9LAFQ24GSN;
				GENERATE_INFOPLIST_FILE = YES;
				INFOPLIST_FILE = protocol_2/Info.plist;
				INFOPLIST_KEY_UIApplicationSupportsIndirectInputEvents = YES;
				INFOPLIST_KEY_UILaunchStoryboardName = LaunchScreen;
				INFOPLIST_KEY_UIMainStoryboardFile = Main;
				INFOPLIST_KEY_UISupportedInterfaceOrientations_iPad = "UIInterfaceOrientationPortrait UIInterfaceOrientationPortraitUpsideDown UIInterfaceOrientationLandscapeLeft UIInterfaceOrientationLandscapeRight";
				INFOPLIST_KEY_UISupportedInterfaceOrientations_iPhone = "UIInterfaceOrientationPortrait UIInterfaceOrientationLandscapeLeft UIInterfaceOrientationLandscapeRight";
				LD_RUNPATH_SEARCH_PATHS = (
					"$(inherited)",
					"@executable_path/Frameworks",
				);
				MARKETING_VERSION = 1.0;
				PRODUCT_BUNDLE_IDENTIFIER = "Jason.protocol-2";
				PRODUCT_NAME = "$(TARGET_NAME)";
				SWIFT_EMIT_LOC_STRINGS = YES;
				SWIFT_VERSION = 5.0;
				TARGETED_DEVICE_FAMILY = "1,2";
			};
			name = Release;
		};
		9B6BFC6B27F99D940092291B /* Debug */ = {
			isa = XCBuildConfiguration;
			buildSettings = {
				ALWAYS_EMBED_SWIFT_STANDARD_LIBRARIES = YES;
				BUNDLE_LOADER = "$(TEST_HOST)";
				CODE_SIGN_STYLE = Automatic;
				CURRENT_PROJECT_VERSION = 1;
				DEVELOPMENT_TEAM = 9LAFQ24GSN;
				GENERATE_INFOPLIST_FILE = YES;
				IPHONEOS_DEPLOYMENT_TARGET = 15.4;
				MARKETING_VERSION = 1.0;
				PRODUCT_BUNDLE_IDENTIFIER = "Jason.protocol-2Tests";
				PRODUCT_NAME = "$(TARGET_NAME)";
				SWIFT_EMIT_LOC_STRINGS = NO;
				SWIFT_VERSION = 5.0;
				TARGETED_DEVICE_FAMILY = "1,2";
				TEST_HOST = "$(BUILT_PRODUCTS_DIR)/protocol_2.app/protocol_2";
			};
			name = Debug;
		};
		9B6BFC6C27F99D940092291B /* Release */ = {
			isa = XCBuildConfiguration;
			buildSettings = {
				ALWAYS_EMBED_SWIFT_STANDARD_LIBRARIES = YES;
				BUNDLE_LOADER = "$(TEST_HOST)";
				CODE_SIGN_STYLE = Automatic;
				CURRENT_PROJECT_VERSION = 1;
				DEVELOPMENT_TEAM = 9LAFQ24GSN;
				GENERATE_INFOPLIST_FILE = YES;
				IPHONEOS_DEPLOYMENT_TARGET = 15.4;
				MARKETING_VERSION = 1.0;
				PRODUCT_BUNDLE_IDENTIFIER = "Jason.protocol-2Tests";
				PRODUCT_NAME = "$(TARGET_NAME)";
				SWIFT_EMIT_LOC_STRINGS = NO;
				SWIFT_VERSION = 5.0;
				TARGETED_DEVICE_FAMILY = "1,2";
				TEST_HOST = "$(BUILT_PRODUCTS_DIR)/protocol_2.app/protocol_2";
			};
			name = Release;
		};
		9B6BFC6E27F99D940092291B /* Debug */ = {
			isa = XCBuildConfiguration;
			buildSettings = {
				ALWAYS_EMBED_SWIFT_STANDARD_LIBRARIES = YES;
				CODE_SIGN_STYLE = Automatic;
				CURRENT_PROJECT_VERSION = 1;
				DEVELOPMENT_TEAM = 9LAFQ24GSN;
				GENERATE_INFOPLIST_FILE = YES;
				MARKETING_VERSION = 1.0;
				PRODUCT_BUNDLE_IDENTIFIER = "Jason.protocol-2UITests";
				PRODUCT_NAME = "$(TARGET_NAME)";
				SWIFT_EMIT_LOC_STRINGS = NO;
				SWIFT_VERSION = 5.0;
				TARGETED_DEVICE_FAMILY = "1,2";
				TEST_TARGET_NAME = protocol_2;
			};
			name = Debug;
		};
		9B6BFC6F27F99D940092291B /* Release */ = {
			isa = XCBuildConfiguration;
			buildSettings = {
				ALWAYS_EMBED_SWIFT_STANDARD_LIBRARIES = YES;
				CODE_SIGN_STYLE = Automatic;
				CURRENT_PROJECT_VERSION = 1;
				DEVELOPMENT_TEAM = 9LAFQ24GSN;
				GENERATE_INFOPLIST_FILE = YES;
				MARKETING_VERSION = 1.0;
				PRODUCT_BUNDLE_IDENTIFIER = "Jason.protocol-2UITests";
				PRODUCT_NAME = "$(TARGET_NAME)";
				SWIFT_EMIT_LOC_STRINGS = NO;
				SWIFT_VERSION = 5.0;
				TARGETED_DEVICE_FAMILY = "1,2";
				TEST_TARGET_NAME = protocol_2;
			};
			name = Release;
		};
/* End XCBuildConfiguration section */

/* Begin XCConfigurationList section */
		9B6BFC3827F99D920092291B /* Build configuration list for PBXProject "protocol_2" */ = {
			isa = XCConfigurationList;
			buildConfigurations = (
				9B6BFC6527F99D940092291B /* Debug */,
				9B6BFC6627F99D940092291B /* Release */,
			);
			defaultConfigurationIsVisible = 0;
			defaultConfigurationName = Release;
		};
		9B6BFC6727F99D940092291B /* Build configuration list for PBXNativeTarget "protocol_2" */ = {
			isa = XCConfigurationList;
			buildConfigurations = (
				9B6BFC6827F99D940092291B /* Debug */,
				9B6BFC6927F99D940092291B /* Release */,
			);
			defaultConfigurationIsVisible = 0;
			defaultConfigurationName = Release;
		};
		9B6BFC6A27F99D940092291B /* Build configuration list for PBXNativeTarget "protocol_2Tests" */ = {
			isa = XCConfigurationList;
			buildConfigurations = (
				9B6BFC6B27F99D940092291B /* Debug */,
				9B6BFC6C27F99D940092291B /* Release */,
			);
			defaultConfigurationIsVisible = 0;
			defaultConfigurationName = Release;
		};
		9B6BFC6D27F99D940092291B /* Build configuration list for PBXNativeTarget "protocol_2UITests" */ = {
			isa = XCConfigurationList;
			buildConfigurations = (
				9B6BFC6E27F99D940092291B /* Debug */,
				9B6BFC6F27F99D940092291B /* Release */,
			);
			defaultConfigurationIsVisible = 0;
			defaultConfigurationName = Release;
		};
/* End XCConfigurationList section */
	};
	rootObject = 9B6BFC3527F99D920092291B /* Project object */;
}
