// !$*UTF8*$!
{
	archiveVersion = 1;
	classes = {
	};
	objectVersion = 55;
	objects = {

/* Begin PBXBuildFile section */
		9BD8A4A1281A7C63002ABAC9 /* AppDelegate.swift in Sources */ = {isa = PBXBuildFile; fileRef = 9BD8A4A0281A7C63002ABAC9 /* AppDelegate.swift */; };
		9BD8A4A3281A7C63002ABAC9 /* SceneDelegate.swift in Sources */ = {isa = PBXBuildFile; fileRef = 9BD8A4A2281A7C63002ABAC9 /* SceneDelegate.swift */; };
		9BD8A4A5281A7C63002ABAC9 /* ViewController.swift in Sources */ = {isa = PBXBuildFile; fileRef = 9BD8A4A4281A7C63002ABAC9 /* ViewController.swift */; };
		9BD8A4A8281A7C63002ABAC9 /* Main.storyboard in Resources */ = {isa = PBXBuildFile; fileRef = 9BD8A4A6281A7C63002ABAC9 /* Main.storyboard */; };
		9BD8A4AA281A7C66002ABAC9 /* Assets.xcassets in Resources */ = {isa = PBXBuildFile; fileRef = 9BD8A4A9281A7C66002ABAC9 /* Assets.xcassets */; };
		9BD8A4AD281A7C66002ABAC9 /* LaunchScreen.storyboard in Resources */ = {isa = PBXBuildFile; fileRef = 9BD8A4AB281A7C66002ABAC9 /* LaunchScreen.storyboard */; };
		9BD8A4B8281A7C66002ABAC9 /* delegationTests.swift in Sources */ = {isa = PBXBuildFile; fileRef = 9BD8A4B7281A7C66002ABAC9 /* delegationTests.swift */; };
		9BD8A4C2281A7C66002ABAC9 /* delegationUITests.swift in Sources */ = {isa = PBXBuildFile; fileRef = 9BD8A4C1281A7C66002ABAC9 /* delegationUITests.swift */; };
		9BD8A4C4281A7C66002ABAC9 /* delegationUITestsLaunchTests.swift in Sources */ = {isa = PBXBuildFile; fileRef = 9BD8A4C3281A7C66002ABAC9 /* delegationUITestsLaunchTests.swift */; };
/* End PBXBuildFile section */

/* Begin PBXContainerItemProxy section */
		9BD8A4B4281A7C66002ABAC9 /* PBXContainerItemProxy */ = {
			isa = PBXContainerItemProxy;
			containerPortal = 9BD8A495281A7C63002ABAC9 /* Project object */;
			proxyType = 1;
			remoteGlobalIDString = 9BD8A49C281A7C63002ABAC9;
			remoteInfo = delegation;
		};
		9BD8A4BE281A7C66002ABAC9 /* PBXContainerItemProxy */ = {
			isa = PBXContainerItemProxy;
			containerPortal = 9BD8A495281A7C63002ABAC9 /* Project object */;
			proxyType = 1;
			remoteGlobalIDString = 9BD8A49C281A7C63002ABAC9;
			remoteInfo = delegation;
		};
/* End PBXContainerItemProxy section */

/* Begin PBXFileReference section */
		9BD8A49D281A7C63002ABAC9 /* delegation.app */ = {isa = PBXFileReference; explicitFileType = wrapper.application; includeInIndex = 0; path = delegation.app; sourceTree = BUILT_PRODUCTS_DIR; };
		9BD8A4A0281A7C63002ABAC9 /* AppDelegate.swift */ = {isa = PBXFileReference; lastKnownFileType = sourcecode.swift; path = AppDelegate.swift; sourceTree = "<group>"; };
		9BD8A4A2281A7C63002ABAC9 /* SceneDelegate.swift */ = {isa = PBXFileReference; lastKnownFileType = sourcecode.swift; path = SceneDelegate.swift; sourceTree = "<group>"; };
		9BD8A4A4281A7C63002ABAC9 /* ViewController.swift */ = {isa = PBXFileReference; lastKnownFileType = sourcecode.swift; path = ViewController.swift; sourceTree = "<group>"; };
		9BD8A4A7281A7C63002ABAC9 /* Base */ = {isa = PBXFileReference; lastKnownFileType = file.storyboard; name = Base; path = Base.lproj/Main.storyboard; sourceTree = "<group>"; };
		9BD8A4A9281A7C66002ABAC9 /* Assets.xcassets */ = {isa = PBXFileReference; lastKnownFileType = folder.assetcatalog; path = Assets.xcassets; sourceTree = "<group>"; };
		9BD8A4AC281A7C66002ABAC9 /* Base */ = {isa = PBXFileReference; lastKnownFileType = file.storyboard; name = Base; path = Base.lproj/LaunchScreen.storyboard; sourceTree = "<group>"; };
		9BD8A4AE281A7C66002ABAC9 /* Info.plist */ = {isa = PBXFileReference; lastKnownFileType = text.plist.xml; path = Info.plist; sourceTree = "<group>"; };
		9BD8A4B3281A7C66002ABAC9 /* delegationTests.xctest */ = {isa = PBXFileReference; explicitFileType = wrapper.cfbundle; includeInIndex = 0; path = delegationTests.xctest; sourceTree = BUILT_PRODUCTS_DIR; };
		9BD8A4B7281A7C66002ABAC9 /* delegationTests.swift */ = {isa = PBXFileReference; lastKnownFileType = sourcecode.swift; path = delegationTests.swift; sourceTree = "<group>"; };
		9BD8A4BD281A7C66002ABAC9 /* delegationUITests.xctest */ = {isa = PBXFileReference; explicitFileType = wrapper.cfbundle; includeInIndex = 0; path = delegationUITests.xctest; sourceTree = BUILT_PRODUCTS_DIR; };
		9BD8A4C1281A7C66002ABAC9 /* delegationUITests.swift */ = {isa = PBXFileReference; lastKnownFileType = sourcecode.swift; path = delegationUITests.swift; sourceTree = "<group>"; };
		9BD8A4C3281A7C66002ABAC9 /* delegationUITestsLaunchTests.swift */ = {isa = PBXFileReference; lastKnownFileType = sourcecode.swift; path = delegationUITestsLaunchTests.swift; sourceTree = "<group>"; };
/* End PBXFileReference section */

/* Begin PBXFrameworksBuildPhase section */
		9BD8A49A281A7C63002ABAC9 /* Frameworks */ = {
			isa = PBXFrameworksBuildPhase;
			buildActionMask = 2147483647;
			files = (
			);
			runOnlyForDeploymentPostprocessing = 0;
		};
		9BD8A4B0281A7C66002ABAC9 /* Frameworks */ = {
			isa = PBXFrameworksBuildPhase;
			buildActionMask = 2147483647;
			files = (
			);
			runOnlyForDeploymentPostprocessing = 0;
		};
		9BD8A4BA281A7C66002ABAC9 /* Frameworks */ = {
			isa = PBXFrameworksBuildPhase;
			buildActionMask = 2147483647;
			files = (
			);
			runOnlyForDeploymentPostprocessing = 0;
		};
/* End PBXFrameworksBuildPhase section */

/* Begin PBXGroup section */
		9BD8A494281A7C63002ABAC9 = {
			isa = PBXGroup;
			children = (
				9BD8A49F281A7C63002ABAC9 /* delegation */,
				9BD8A4B6281A7C66002ABAC9 /* delegationTests */,
				9BD8A4C0281A7C66002ABAC9 /* delegationUITests */,
				9BD8A49E281A7C63002ABAC9 /* Products */,
			);
			sourceTree = "<group>";
		};
		9BD8A49E281A7C63002ABAC9 /* Products */ = {
			isa = PBXGroup;
			children = (
				9BD8A49D281A7C63002ABAC9 /* delegation.app */,
				9BD8A4B3281A7C66002ABAC9 /* delegationTests.xctest */,
				9BD8A4BD281A7C66002ABAC9 /* delegationUITests.xctest */,
			);
			name = Products;
			sourceTree = "<group>";
		};
		9BD8A49F281A7C63002ABAC9 /* delegation */ = {
			isa = PBXGroup;
			children = (
				9BD8A4A0281A7C63002ABAC9 /* AppDelegate.swift */,
				9BD8A4A2281A7C63002ABAC9 /* SceneDelegate.swift */,
				9BD8A4A4281A7C63002ABAC9 /* ViewController.swift */,
				9BD8A4A6281A7C63002ABAC9 /* Main.storyboard */,
				9BD8A4A9281A7C66002ABAC9 /* Assets.xcassets */,
				9BD8A4AB281A7C66002ABAC9 /* LaunchScreen.storyboard */,
				9BD8A4AE281A7C66002ABAC9 /* Info.plist */,
			);
			path = delegation;
			sourceTree = "<group>";
		};
		9BD8A4B6281A7C66002ABAC9 /* delegationTests */ = {
			isa = PBXGroup;
			children = (
				9BD8A4B7281A7C66002ABAC9 /* delegationTests.swift */,
			);
			path = delegationTests;
			sourceTree = "<group>";
		};
		9BD8A4C0281A7C66002ABAC9 /* delegationUITests */ = {
			isa = PBXGroup;
			children = (
				9BD8A4C1281A7C66002ABAC9 /* delegationUITests.swift */,
				9BD8A4C3281A7C66002ABAC9 /* delegationUITestsLaunchTests.swift */,
			);
			path = delegationUITests;
			sourceTree = "<group>";
		};
/* End PBXGroup section */

/* Begin PBXNativeTarget section */
		9BD8A49C281A7C63002ABAC9 /* delegation */ = {
			isa = PBXNativeTarget;
			buildConfigurationList = 9BD8A4C7281A7C66002ABAC9 /* Build configuration list for PBXNativeTarget "delegation" */;
			buildPhases = (
				9BD8A499281A7C63002ABAC9 /* Sources */,
				9BD8A49A281A7C63002ABAC9 /* Frameworks */,
				9BD8A49B281A7C63002ABAC9 /* Resources */,
			);
			buildRules = (
			);
			dependencies = (
			);
			name = delegation;
			productName = delegation;
			productReference = 9BD8A49D281A7C63002ABAC9 /* delegation.app */;
			productType = "com.apple.product-type.application";
		};
		9BD8A4B2281A7C66002ABAC9 /* delegationTests */ = {
			isa = PBXNativeTarget;
			buildConfigurationList = 9BD8A4CA281A7C66002ABAC9 /* Build configuration list for PBXNativeTarget "delegationTests" */;
			buildPhases = (
				9BD8A4AF281A7C66002ABAC9 /* Sources */,
				9BD8A4B0281A7C66002ABAC9 /* Frameworks */,
				9BD8A4B1281A7C66002ABAC9 /* Resources */,
			);
			buildRules = (
			);
			dependencies = (
				9BD8A4B5281A7C66002ABAC9 /* PBXTargetDependency */,
			);
			name = delegationTests;
			productName = delegationTests;
			productReference = 9BD8A4B3281A7C66002ABAC9 /* delegationTests.xctest */;
			productType = "com.apple.product-type.bundle.unit-test";
		};
		9BD8A4BC281A7C66002ABAC9 /* delegationUITests */ = {
			isa = PBXNativeTarget;
			buildConfigurationList = 9BD8A4CD281A7C66002ABAC9 /* Build configuration list for PBXNativeTarget "delegationUITests" */;
			buildPhases = (
				9BD8A4B9281A7C66002ABAC9 /* Sources */,
				9BD8A4BA281A7C66002ABAC9 /* Frameworks */,
				9BD8A4BB281A7C66002ABAC9 /* Resources */,
			);
			buildRules = (
			);
			dependencies = (
				9BD8A4BF281A7C66002ABAC9 /* PBXTargetDependency */,
			);
			name = delegationUITests;
			productName = delegationUITests;
			productReference = 9BD8A4BD281A7C66002ABAC9 /* delegationUITests.xctest */;
			productType = "com.apple.product-type.bundle.ui-testing";
		};
/* End PBXNativeTarget section */

/* Begin PBXProject section */
		9BD8A495281A7C63002ABAC9 /* Project object */ = {
			isa = PBXProject;
			attributes = {
				BuildIndependentTargetsInParallel = 1;
				LastSwiftUpdateCheck = 1330;
				LastUpgradeCheck = 1330;
				TargetAttributes = {
					9BD8A49C281A7C63002ABAC9 = {
						CreatedOnToolsVersion = 13.3.1;
					};
					9BD8A4B2281A7C66002ABAC9 = {
						CreatedOnToolsVersion = 13.3.1;
						TestTargetID = 9BD8A49C281A7C63002ABAC9;
					};
					9BD8A4BC281A7C66002ABAC9 = {
						CreatedOnToolsVersion = 13.3.1;
						TestTargetID = 9BD8A49C281A7C63002ABAC9;
					};
				};
			};
			buildConfigurationList = 9BD8A498281A7C63002ABAC9 /* Build configuration list for PBXProject "delegation" */;
			compatibilityVersion = "Xcode 13.0";
			developmentRegion = en;
			hasScannedForEncodings = 0;
			knownRegions = (
				en,
				Base,
			);
			mainGroup = 9BD8A494281A7C63002ABAC9;
			productRefGroup = 9BD8A49E281A7C63002ABAC9 /* Products */;
			projectDirPath = "";
			projectRoot = "";
			targets = (
				9BD8A49C281A7C63002ABAC9 /* delegation */,
				9BD8A4B2281A7C66002ABAC9 /* delegationTests */,
				9BD8A4BC281A7C66002ABAC9 /* delegationUITests */,
			);
		};
/* End PBXProject section */

/* Begin PBXResourcesBuildPhase section */
		9BD8A49B281A7C63002ABAC9 /* Resources */ = {
			isa = PBXResourcesBuildPhase;
			buildActionMask = 2147483647;
			files = (
				9BD8A4AD281A7C66002ABAC9 /* LaunchScreen.storyboard in Resources */,
				9BD8A4AA281A7C66002ABAC9 /* Assets.xcassets in Resources */,
				9BD8A4A8281A7C63002ABAC9 /* Main.storyboard in Resources */,
			);
			runOnlyForDeploymentPostprocessing = 0;
		};
		9BD8A4B1281A7C66002ABAC9 /* Resources */ = {
			isa = PBXResourcesBuildPhase;
			buildActionMask = 2147483647;
			files = (
			);
			runOnlyForDeploymentPostprocessing = 0;
		};
		9BD8A4BB281A7C66002ABAC9 /* Resources */ = {
			isa = PBXResourcesBuildPhase;
			buildActionMask = 2147483647;
			files = (
			);
			runOnlyForDeploymentPostprocessing = 0;
		};
/* End PBXResourcesBuildPhase section */

/* Begin PBXSourcesBuildPhase section */
		9BD8A499281A7C63002ABAC9 /* Sources */ = {
			isa = PBXSourcesBuildPhase;
			buildActionMask = 2147483647;
			files = (
				9BD8A4A5281A7C63002ABAC9 /* ViewController.swift in Sources */,
				9BD8A4A1281A7C63002ABAC9 /* AppDelegate.swift in Sources */,
				9BD8A4A3281A7C63002ABAC9 /* SceneDelegate.swift in Sources */,
			);
			runOnlyForDeploymentPostprocessing = 0;
		};
		9BD8A4AF281A7C66002ABAC9 /* Sources */ = {
			isa = PBXSourcesBuildPhase;
			buildActionMask = 2147483647;
			files = (
				9BD8A4B8281A7C66002ABAC9 /* delegationTests.swift in Sources */,
			);
			runOnlyForDeploymentPostprocessing = 0;
		};
		9BD8A4B9281A7C66002ABAC9 /* Sources */ = {
			isa = PBXSourcesBuildPhase;
			buildActionMask = 2147483647;
			files = (
				9BD8A4C4281A7C66002ABAC9 /* delegationUITestsLaunchTests.swift in Sources */,
				9BD8A4C2281A7C66002ABAC9 /* delegationUITests.swift in Sources */,
			);
			runOnlyForDeploymentPostprocessing = 0;
		};
/* End PBXSourcesBuildPhase section */

/* Begin PBXTargetDependency section */
		9BD8A4B5281A7C66002ABAC9 /* PBXTargetDependency */ = {
			isa = PBXTargetDependency;
			target = 9BD8A49C281A7C63002ABAC9 /* delegation */;
			targetProxy = 9BD8A4B4281A7C66002ABAC9 /* PBXContainerItemProxy */;
		};
		9BD8A4BF281A7C66002ABAC9 /* PBXTargetDependency */ = {
			isa = PBXTargetDependency;
			target = 9BD8A49C281A7C63002ABAC9 /* delegation */;
			targetProxy = 9BD8A4BE281A7C66002ABAC9 /* PBXContainerItemProxy */;
		};
/* End PBXTargetDependency section */

/* Begin PBXVariantGroup section */
		9BD8A4A6281A7C63002ABAC9 /* Main.storyboard */ = {
			isa = PBXVariantGroup;
			children = (
				9BD8A4A7281A7C63002ABAC9 /* Base */,
			);
			name = Main.storyboard;
			sourceTree = "<group>";
		};
		9BD8A4AB281A7C66002ABAC9 /* LaunchScreen.storyboard */ = {
			isa = PBXVariantGroup;
			children = (
				9BD8A4AC281A7C66002ABAC9 /* Base */,
			);
			name = LaunchScreen.storyboard;
			sourceTree = "<group>";
		};
/* End PBXVariantGroup section */

/* Begin XCBuildConfiguration section */
		9BD8A4C5281A7C66002ABAC9 /* Debug */ = {
			isa = XCBuildConfiguration;
			buildSettings = {
				ALWAYS_SEARCH_USER_PATHS = NO;
				CLANG_ANALYZER_NONNULL = YES;
				CLANG_ANALYZER_NUMBER_OBJECT_CONVERSION = YES_AGGRESSIVE;
				CLANG_CXX_LANGUAGE_STANDARD = "gnu++17";
				CLANG_ENABLE_MODULES = YES;
				CLANG_ENABLE_OBJC_ARC = YES;
				CLANG_ENABLE_OBJC_WEAK = YES;
				CLANG_WARN_BLOCK_CAPTURE_AUTORELEASING = YES;
				CLANG_WARN_BOOL_CONVERSION = YES;
				CLANG_WARN_COMMA = YES;
				CLANG_WARN_CONSTANT_CONVERSION = YES;
				CLANG_WARN_DEPRECATED_OBJC_IMPLEMENTATIONS = YES;
				CLANG_WARN_DIRECT_OBJC_ISA_USAGE = YES_ERROR;
				CLANG_WARN_DOCUMENTATION_COMMENTS = YES;
				CLANG_WARN_EMPTY_BODY = YES;
				CLANG_WARN_ENUM_CONVERSION = YES;
				CLANG_WARN_INFINITE_RECURSION = YES;
				CLANG_WARN_INT_CONVERSION = YES;
				CLANG_WARN_NON_LITERAL_NULL_CONVERSION = YES;
				CLANG_WARN_OBJC_IMPLICIT_RETAIN_SELF = YES;
				CLANG_WARN_OBJC_LITERAL_CONVERSION = YES;
				CLANG_WARN_OBJC_ROOT_CLASS = YES_ERROR;
				CLANG_WARN_QUOTED_INCLUDE_IN_FRAMEWORK_HEADER = YES;
				CLANG_WARN_RANGE_LOOP_ANALYSIS = YES;
				CLANG_WARN_STRICT_PROTOTYPES = YES;
				CLANG_WARN_SUSPICIOUS_MOVE = YES;
				CLANG_WARN_UNGUARDED_AVAILABILITY = YES_AGGRESSIVE;
				CLANG_WARN_UNREACHABLE_CODE = YES;
				CLANG_WARN__DUPLICATE_METHOD_MATCH = YES;
				COPY_PHASE_STRIP = NO;
				DEBUG_INFORMATION_FORMAT = dwarf;
				ENABLE_STRICT_OBJC_MSGSEND = YES;
				ENABLE_TESTABILITY = YES;
				GCC_C_LANGUAGE_STANDARD = gnu11;
				GCC_DYNAMIC_NO_PIC = NO;
				GCC_NO_COMMON_BLOCKS = YES;
				GCC_OPTIMIZATION_LEVEL = 0;
				GCC_PREPROCESSOR_DEFINITIONS = (
					"DEBUG=1",
					"$(inherited)",
				);
				GCC_WARN_64_TO_32_BIT_CONVERSION = YES;
				GCC_WARN_ABOUT_RETURN_TYPE = YES_ERROR;
				GCC_WARN_UNDECLARED_SELECTOR = YES;
				GCC_WARN_UNINITIALIZED_AUTOS = YES_AGGRESSIVE;
				GCC_WARN_UNUSED_FUNCTION = YES;
				GCC_WARN_UNUSED_VARIABLE = YES;
				IPHONEOS_DEPLOYMENT_TARGET = 15.4;
				MTL_ENABLE_DEBUG_INFO = INCLUDE_SOURCE;
				MTL_FAST_MATH = YES;
				ONLY_ACTIVE_ARCH = YES;
				SDKROOT = iphoneos;
				SWIFT_ACTIVE_COMPILATION_CONDITIONS = DEBUG;
				SWIFT_OPTIMIZATION_LEVEL = "-Onone";
			};
			name = Debug;
		};
		9BD8A4C6281A7C66002ABAC9 /* Release */ = {
			isa = XCBuildConfiguration;
			buildSettings = {
				ALWAYS_SEARCH_USER_PATHS = NO;
				CLANG_ANALYZER_NONNULL = YES;
				CLANG_ANALYZER_NUMBER_OBJECT_CONVERSION = YES_AGGRESSIVE;
				CLANG_CXX_LANGUAGE_STANDARD = "gnu++17";
				CLANG_ENABLE_MODULES = YES;
				CLANG_ENABLE_OBJC_ARC = YES;
				CLANG_ENABLE_OBJC_WEAK = YES;
				CLANG_WARN_BLOCK_CAPTURE_AUTORELEASING = YES;
				CLANG_WARN_BOOL_CONVERSION = YES;
				CLANG_WARN_COMMA = YES;
				CLANG_WARN_CONSTANT_CONVERSION = YES;
				CLANG_WARN_DEPRECATED_OBJC_IMPLEMENTATIONS = YES;
				CLANG_WARN_DIRECT_OBJC_ISA_USAGE = YES_ERROR;
				CLANG_WARN_DOCUMENTATION_COMMENTS = YES;
				CLANG_WARN_EMPTY_BODY = YES;
				CLANG_WARN_ENUM_CONVERSION = YES;
				CLANG_WARN_INFINITE_RECURSION = YES;
				CLANG_WARN_INT_CONVERSION = YES;
				CLANG_WARN_NON_LITERAL_NULL_CONVERSION = YES;
				CLANG_WARN_OBJC_IMPLICIT_RETAIN_SELF = YES;
				CLANG_WARN_OBJC_LITERAL_CONVERSION = YES;
				CLANG_WARN_OBJC_ROOT_CLASS = YES_ERROR;
				CLANG_WARN_QUOTED_INCLUDE_IN_FRAMEWORK_HEADER = YES;
				CLANG_WARN_RANGE_LOOP_ANALYSIS = YES;
				CLANG_WARN_STRICT_PROTOTYPES = YES;
				CLANG_WARN_SUSPICIOUS_MOVE = YES;
				CLANG_WARN_UNGUARDED_AVAILABILITY = YES_AGGRESSIVE;
				CLANG_WARN_UNREACHABLE_CODE = YES;
				CLANG_WARN__DUPLICATE_METHOD_MATCH = YES;
				COPY_PHASE_STRIP = NO;
				DEBUG_INFORMATION_FORMAT = "dwarf-with-dsym";
				ENABLE_NS_ASSERTIONS = NO;
				ENABLE_STRICT_OBJC_MSGSEND = YES;
				GCC_C_LANGUAGE_STANDARD = gnu11;
				GCC_NO_COMMON_BLOCKS = YES;
				GCC_WARN_64_TO_32_BIT_CONVERSION = YES;
				GCC_WARN_ABOUT_RETURN_TYPE = YES_ERROR;
				GCC_WARN_UNDECLARED_SELECTOR = YES;
				GCC_WARN_UNINITIALIZED_AUTOS = YES_AGGRESSIVE;
				GCC_WARN_UNUSED_FUNCTION = YES;
				GCC_WARN_UNUSED_VARIABLE = YES;
				IPHONEOS_DEPLOYMENT_TARGET = 15.4;
				MTL_ENABLE_DEBUG_INFO = NO;
				MTL_FAST_MATH = YES;
				SDKROOT = iphoneos;
				SWIFT_COMPILATION_MODE = wholemodule;
				SWIFT_OPTIMIZATION_LEVEL = "-O";
				VALIDATE_PRODUCT = YES;
			};
			name = Release;
		};
		9BD8A4C8281A7C66002ABAC9 /* Debug */ = {
			isa = XCBuildConfiguration;
			buildSettings = {
				ASSETCATALOG_COMPILER_APPICON_NAME = AppIcon;
				ASSETCATALOG_COMPILER_GLOBAL_ACCENT_COLOR_NAME = AccentColor;
				CODE_SIGN_STYLE = Automatic;
				CURRENT_PROJECT_VERSION = 1;
				DEVELOPMENT_TEAM = 9LAFQ24GSN;
				GENERATE_INFOPLIST_FILE = YES;
				INFOPLIST_FILE = delegation/Info.plist;
				INFOPLIST_KEY_UIApplicationSupportsIndirectInputEvents = YES;
				INFOPLIST_KEY_UILaunchStoryboardName = LaunchScreen;
				INFOPLIST_KEY_UIMainStoryboardFile = Main;
				INFOPLIST_KEY_UISupportedInterfaceOrientations_iPad = "UIInterfaceOrientationPortrait UIInterfaceOrientationPortraitUpsideDown UIInterfaceOrientationLandscapeLeft UIInterfaceOrientationLandscapeRight";
				INFOPLIST_KEY_UISupportedInterfaceOrientations_iPhone = "UIInterfaceOrientationPortrait UIInterfaceOrientationLandscapeLeft UIInterfaceOrientationLandscapeRight";
				LD_RUNPATH_SEARCH_PATHS = (
					"$(inherited)",
					"@executable_path/Frameworks",
				);
				MARKETING_VERSION = 1.0;
				PRODUCT_BUNDLE_IDENTIFIER = Jason.delegation;
				PRODUCT_NAME = "$(TARGET_NAME)";
				SWIFT_EMIT_LOC_STRINGS = YES;
				SWIFT_VERSION = 5.0;
				TARGETED_DEVICE_FAMILY = "1,2";
			};
			name = Debug;
		};
		9BD8A4C9281A7C66002ABAC9 /* Release */ = {
			isa = XCBuildConfiguration;
			buildSettings = {
				ASSETCATALOG_COMPILER_APPICON_NAME = AppIcon;
				ASSETCATALOG_COMPILER_GLOBAL_ACCENT_COLOR_NAME = AccentColor;
				CODE_SIGN_STYLE = Automatic;
				CURRENT_PROJECT_VERSION = 1;
				DEVELOPMENT_TEAM = 9LAFQ24GSN;
				GENERATE_INFOPLIST_FILE = YES;
				INFOPLIST_FILE = delegation/Info.plist;
				INFOPLIST_KEY_UIApplicationSupportsIndirectInputEvents = YES;
				INFOPLIST_KEY_UILaunchStoryboardName = LaunchScreen;
				INFOPLIST_KEY_UIMainStoryboardFile = Main;
				INFOPLIST_KEY_UISupportedInterfaceOrientations_iPad = "UIInterfaceOrientationPortrait UIInterfaceOrientationPortraitUpsideDown UIInterfaceOrientationLandscapeLeft UIInterfaceOrientationLandscapeRight";
				INFOPLIST_KEY_UISupportedInterfaceOrientations_iPhone = "UIInterfaceOrientationPortrait UIInterfaceOrientationLandscapeLeft UIInterfaceOrientationLandscapeRight";
				LD_RUNPATH_SEARCH_PATHS = (
					"$(inherited)",
					"@executable_path/Frameworks",
				);
				MARKETING_VERSION = 1.0;
				PRODUCT_BUNDLE_IDENTIFIER = Jason.delegation;
				PRODUCT_NAME = "$(TARGET_NAME)";
				SWIFT_EMIT_LOC_STRINGS = YES;
				SWIFT_VERSION = 5.0;
				TARGETED_DEVICE_FAMILY = "1,2";
			};
			name = Release;
		};
		9BD8A4CB281A7C66002ABAC9 /* Debug */ = {
			isa = XCBuildConfiguration;
			buildSettings = {
				ALWAYS_EMBED_SWIFT_STANDARD_LIBRARIES = YES;
				BUNDLE_LOADER = "$(TEST_HOST)";
				CODE_SIGN_STYLE = Automatic;
				CURRENT_PROJECT_VERSION = 1;
				DEVELOPMENT_TEAM = 9LAFQ24GSN;
				GENERATE_INFOPLIST_FILE = YES;
				IPHONEOS_DEPLOYMENT_TARGET = 15.4;
				MARKETING_VERSION = 1.0;
				PRODUCT_BUNDLE_IDENTIFIER = Jason.delegationTests;
				PRODUCT_NAME = "$(TARGET_NAME)";
				SWIFT_EMIT_LOC_STRINGS = NO;
				SWIFT_VERSION = 5.0;
				TARGETED_DEVICE_FAMILY = "1,2";
				TEST_HOST = "$(BUILT_PRODUCTS_DIR)/delegation.app/delegation";
			};
			name = Debug;
		};
		9BD8A4CC281A7C66002ABAC9 /* Release */ = {
			isa = XCBuildConfiguration;
			buildSettings = {
				ALWAYS_EMBED_SWIFT_STANDARD_LIBRARIES = YES;
				BUNDLE_LOADER = "$(TEST_HOST)";
				CODE_SIGN_STYLE = Automatic;
				CURRENT_PROJECT_VERSION = 1;
				DEVELOPMENT_TEAM = 9LAFQ24GSN;
				GENERATE_INFOPLIST_FILE = YES;
				IPHONEOS_DEPLOYMENT_TARGET = 15.4;
				MARKETING_VERSION = 1.0;
				PRODUCT_BUNDLE_IDENTIFIER = Jason.delegationTests;
				PRODUCT_NAME = "$(TARGET_NAME)";
				SWIFT_EMIT_LOC_STRINGS = NO;
				SWIFT_VERSION = 5.0;
				TARGETED_DEVICE_FAMILY = "1,2";
				TEST_HOST = "$(BUILT_PRODUCTS_DIR)/delegation.app/delegation";
			};
			name = Release;
		};
		9BD8A4CE281A7C66002ABAC9 /* Debug */ = {
			isa = XCBuildConfiguration;
			buildSettings = {
				ALWAYS_EMBED_SWIFT_STANDARD_LIBRARIES = YES;
				CODE_SIGN_STYLE = Automatic;
				CURRENT_PROJECT_VERSION = 1;
				DEVELOPMENT_TEAM = 9LAFQ24GSN;
				GENERATE_INFOPLIST_FILE = YES;
				MARKETING_VERSION = 1.0;
				PRODUCT_BUNDLE_IDENTIFIER = Jason.delegationUITests;
				PRODUCT_NAME = "$(TARGET_NAME)";
				SWIFT_EMIT_LOC_STRINGS = NO;
				SWIFT_VERSION = 5.0;
				TARGETED_DEVICE_FAMILY = "1,2";
				TEST_TARGET_NAME = delegation;
			};
			name = Debug;
		};
		9BD8A4CF281A7C66002ABAC9 /* Release */ = {
			isa = XCBuildConfiguration;
			buildSettings = {
				ALWAYS_EMBED_SWIFT_STANDARD_LIBRARIES = YES;
				CODE_SIGN_STYLE = Automatic;
				CURRENT_PROJECT_VERSION = 1;
				DEVELOPMENT_TEAM = 9LAFQ24GSN;
				GENERATE_INFOPLIST_FILE = YES;
				MARKETING_VERSION = 1.0;
				PRODUCT_BUNDLE_IDENTIFIER = Jason.delegationUITests;
				PRODUCT_NAME = "$(TARGET_NAME)";
				SWIFT_EMIT_LOC_STRINGS = NO;
				SWIFT_VERSION = 5.0;
				TARGETED_DEVICE_FAMILY = "1,2";
				TEST_TARGET_NAME = delegation;
			};
			name = Release;
		};
/* End XCBuildConfiguration section */

/* Begin XCConfigurationList section */
		9BD8A498281A7C63002ABAC9 /* Build configuration list for PBXProject "delegation" */ = {
			isa = XCConfigurationList;
			buildConfigurations = (
				9BD8A4C5281A7C66002ABAC9 /* Debug */,
				9BD8A4C6281A7C66002ABAC9 /* Release */,
			);
			defaultConfigurationIsVisible = 0;
			defaultConfigurationName = Release;
		};
		9BD8A4C7281A7C66002ABAC9 /* Build configuration list for PBXNativeTarget "delegation" */ = {
			isa = XCConfigurationList;
			buildConfigurations = (
				9BD8A4C8281A7C66002ABAC9 /* Debug */,
				9BD8A4C9281A7C66002ABAC9 /* Release */,
			);
			defaultConfigurationIsVisible = 0;
			defaultConfigurationName = Release;
		};
		9BD8A4CA281A7C66002ABAC9 /* Build configuration list for PBXNativeTarget "delegationTests" */ = {
			isa = XCConfigurationList;
			buildConfigurations = (
				9BD8A4CB281A7C66002ABAC9 /* Debug */,
				9BD8A4CC281A7C66002ABAC9 /* Release */,
			);
			defaultConfigurationIsVisible = 0;
			defaultConfigurationName = Release;
		};
		9BD8A4CD281A7C66002ABAC9 /* Build configuration list for PBXNativeTarget "delegationUITests" */ = {
			isa = XCConfigurationList;
			buildConfigurations = (
				9BD8A4CE281A7C66002ABAC9 /* Debug */,
				9BD8A4CF281A7C66002ABAC9 /* Release */,
			);
			defaultConfigurationIsVisible = 0;
			defaultConfigurationName = Release;
		};
/* End XCConfigurationList section */
	};
	rootObject = 9BD8A495281A7C63002ABAC9 /* Project object */;
}
