// !$*UTF8*$!
{
	archiveVersion = 1;
	classes = {
	};
	objectVersion = 55;
	objects = {

/* Begin PBXBuildFile section */
		9B7A1E82281AB9BE007EC16F /* AppDelegate.swift in Sources */ = {isa = PBXBuildFile; fileRef = 9B7A1E81281AB9BE007EC16F /* AppDelegate.swift */; };
		9B7A1E84281AB9BE007EC16F /* SceneDelegate.swift in Sources */ = {isa = PBXBuildFile; fileRef = 9B7A1E83281AB9BE007EC16F /* SceneDelegate.swift */; };
		9B7A1E86281AB9BE007EC16F /* ViewController.swift in Sources */ = {isa = PBXBuildFile; fileRef = 9B7A1E85281AB9BE007EC16F /* ViewController.swift */; };
		9B7A1E89281AB9BE007EC16F /* Main.storyboard in Resources */ = {isa = PBXBuildFile; fileRef = 9B7A1E87281AB9BE007EC16F /* Main.storyboard */; };
		9B7A1E8B281AB9C0007EC16F /* Assets.xcassets in Resources */ = {isa = PBXBuildFile; fileRef = 9B7A1E8A281AB9C0007EC16F /* Assets.xcassets */; };
		9B7A1E8E281AB9C0007EC16F /* LaunchScreen.storyboard in Resources */ = {isa = PBXBuildFile; fileRef = 9B7A1E8C281AB9C0007EC16F /* LaunchScreen.storyboard */; };
		9B7A1E99281AB9C0007EC16F /* QuoteGeneratorTests.swift in Sources */ = {isa = PBXBuildFile; fileRef = 9B7A1E98281AB9C0007EC16F /* QuoteGeneratorTests.swift */; };
		9B7A1EA3281AB9C0007EC16F /* QuoteGeneratorUITests.swift in Sources */ = {isa = PBXBuildFile; fileRef = 9B7A1EA2281AB9C0007EC16F /* QuoteGeneratorUITests.swift */; };
		9B7A1EA5281AB9C0007EC16F /* QuoteGeneratorUITestsLaunchTests.swift in Sources */ = {isa = PBXBuildFile; fileRef = 9B7A1EA4281AB9C0007EC16F /* QuoteGeneratorUITestsLaunchTests.swift */; };
		9B7A1EB2281AC1B0007EC16F /* Quote.swift in Sources */ = {isa = PBXBuildFile; fileRef = 9B7A1EB1281AC1B0007EC16F /* Quote.swift */; };
/* End PBXBuildFile section */

/* Begin PBXContainerItemProxy section */
		9B7A1E95281AB9C0007EC16F /* PBXContainerItemProxy */ = {
			isa = PBXContainerItemProxy;
			containerPortal = 9B7A1E76281AB9BE007EC16F /* Project object */;
			proxyType = 1;
			remoteGlobalIDString = 9B7A1E7D281AB9BE007EC16F;
			remoteInfo = QuoteGenerator;
		};
		9B7A1E9F281AB9C0007EC16F /* PBXContainerItemProxy */ = {
			isa = PBXContainerItemProxy;
			containerPortal = 9B7A1E76281AB9BE007EC16F /* Project object */;
			proxyType = 1;
			remoteGlobalIDString = 9B7A1E7D281AB9BE007EC16F;
			remoteInfo = QuoteGenerator;
		};
/* End PBXContainerItemProxy section */

/* Begin PBXFileReference section */
		9B7A1E7E281AB9BE007EC16F /* QuoteGenerator.app */ = {isa = PBXFileReference; explicitFileType = wrapper.application; includeInIndex = 0; path = QuoteGenerator.app; sourceTree = BUILT_PRODUCTS_DIR; };
		9B7A1E81281AB9BE007EC16F /* AppDelegate.swift */ = {isa = PBXFileReference; lastKnownFileType = sourcecode.swift; path = AppDelegate.swift; sourceTree = "<group>"; };
		9B7A1E83281AB9BE007EC16F /* SceneDelegate.swift */ = {isa = PBXFileReference; lastKnownFileType = sourcecode.swift; path = SceneDelegate.swift; sourceTree = "<group>"; };
		9B7A1E85281AB9BE007EC16F /* ViewController.swift */ = {isa = PBXFileReference; lastKnownFileType = sourcecode.swift; path = ViewController.swift; sourceTree = "<group>"; };
		9B7A1E88281AB9BE007EC16F /* Base */ = {isa = PBXFileReference; lastKnownFileType = file.storyboard; name = Base; path = Base.lproj/Main.storyboard; sourceTree = "<group>"; };
		9B7A1E8A281AB9C0007EC16F /* Assets.xcassets */ = {isa = PBXFileReference; lastKnownFileType = folder.assetcatalog; path = Assets.xcassets; sourceTree = "<group>"; };
		9B7A1E8D281AB9C0007EC16F /* Base */ = {isa = PBXFileReference; lastKnownFileType = file.storyboard; name = Base; path = Base.lproj/LaunchScreen.storyboard; sourceTree = "<group>"; };
		9B7A1E8F281AB9C0007EC16F /* Info.plist */ = {isa = PBXFileReference; lastKnownFileType = text.plist.xml; path = Info.plist; sourceTree = "<group>"; };
		9B7A1E94281AB9C0007EC16F /* QuoteGeneratorTests.xctest */ = {isa = PBXFileReference; explicitFileType = wrapper.cfbundle; includeInIndex = 0; path = QuoteGeneratorTests.xctest; sourceTree = BUILT_PRODUCTS_DIR; };
		9B7A1E98281AB9C0007EC16F /* QuoteGeneratorTests.swift */ = {isa = PBXFileReference; lastKnownFileType = sourcecode.swift; path = QuoteGeneratorTests.swift; sourceTree = "<group>"; };
		9B7A1E9E281AB9C0007EC16F /* QuoteGeneratorUITests.xctest */ = {isa = PBXFileReference; explicitFileType = wrapper.cfbundle; includeInIndex = 0; path = QuoteGeneratorUITests.xctest; sourceTree = BUILT_PRODUCTS_DIR; };
		9B7A1EA2281AB9C0007EC16F /* QuoteGeneratorUITests.swift */ = {isa = PBXFileReference; lastKnownFileType = sourcecode.swift; path = QuoteGeneratorUITests.swift; sourceTree = "<group>"; };
		9B7A1EA4281AB9C0007EC16F /* QuoteGeneratorUITestsLaunchTests.swift */ = {isa = PBXFileReference; lastKnownFileType = sourcecode.swift; path = QuoteGeneratorUITestsLaunchTests.swift; sourceTree = "<group>"; };
		9B7A1EB1281AC1B0007EC16F /* Quote.swift */ = {isa = PBXFileReference; lastKnownFileType = sourcecode.swift; path = Quote.swift; sourceTree = "<group>"; };
/* End PBXFileReference section */

/* Begin PBXFrameworksBuildPhase section */
		9B7A1E7B281AB9BE007EC16F /* Frameworks */ = {
			isa = PBXFrameworksBuildPhase;
			buildActionMask = 2147483647;
			files = (
			);
			runOnlyForDeploymentPostprocessing = 0;
		};
		9B7A1E91281AB9C0007EC16F /* Frameworks */ = {
			isa = PBXFrameworksBuildPhase;
			buildActionMask = 2147483647;
			files = (
			);
			runOnlyForDeploymentPostprocessing = 0;
		};
		9B7A1E9B281AB9C0007EC16F /* Frameworks */ = {
			isa = PBXFrameworksBuildPhase;
			buildActionMask = 2147483647;
			files = (
			);
			runOnlyForDeploymentPostprocessing = 0;
		};
/* End PBXFrameworksBuildPhase section */

/* Begin PBXGroup section */
		9B7A1E75281AB9BE007EC16F = {
			isa = PBXGroup;
			children = (
				9B7A1E80281AB9BE007EC16F /* QuoteGenerator */,
				9B7A1E97281AB9C0007EC16F /* QuoteGeneratorTests */,
				9B7A1EA1281AB9C0007EC16F /* QuoteGeneratorUITests */,
				9B7A1E7F281AB9BE007EC16F /* Products */,
			);
			sourceTree = "<group>";
		};
		9B7A1E7F281AB9BE007EC16F /* Products */ = {
			isa = PBXGroup;
			children = (
				9B7A1E7E281AB9BE007EC16F /* QuoteGenerator.app */,
				9B7A1E94281AB9C0007EC16F /* QuoteGeneratorTests.xctest */,
				9B7A1E9E281AB9C0007EC16F /* QuoteGeneratorUITests.xctest */,
			);
			name = Products;
			sourceTree = "<group>";
		};
		9B7A1E80281AB9BE007EC16F /* QuoteGenerator */ = {
			isa = PBXGroup;
			children = (
				9B7A1E81281AB9BE007EC16F /* AppDelegate.swift */,
				9B7A1E83281AB9BE007EC16F /* SceneDelegate.swift */,
				9B7A1E85281AB9BE007EC16F /* ViewController.swift */,
				9B7A1E87281AB9BE007EC16F /* Main.storyboard */,
				9B7A1EB1281AC1B0007EC16F /* Quote.swift */,
				9B7A1E8A281AB9C0007EC16F /* Assets.xcassets */,
				9B7A1E8C281AB9C0007EC16F /* LaunchScreen.storyboard */,
				9B7A1E8F281AB9C0007EC16F /* Info.plist */,
			);
			path = QuoteGenerator;
			sourceTree = "<group>";
		};
		9B7A1E97281AB9C0007EC16F /* QuoteGeneratorTests */ = {
			isa = PBXGroup;
			children = (
				9B7A1E98281AB9C0007EC16F /* QuoteGeneratorTests.swift */,
			);
			path = QuoteGeneratorTests;
			sourceTree = "<group>";
		};
		9B7A1EA1281AB9C0007EC16F /* QuoteGeneratorUITests */ = {
			isa = PBXGroup;
			children = (
				9B7A1EA2281AB9C0007EC16F /* QuoteGeneratorUITests.swift */,
				9B7A1EA4281AB9C0007EC16F /* QuoteGeneratorUITestsLaunchTests.swift */,
			);
			path = QuoteGeneratorUITests;
			sourceTree = "<group>";
		};
/* End PBXGroup section */

/* Begin PBXNativeTarget section */
		9B7A1E7D281AB9BE007EC16F /* QuoteGenerator */ = {
			isa = PBXNativeTarget;
			buildConfigurationList = 9B7A1EA8281AB9C0007EC16F /* Build configuration list for PBXNativeTarget "QuoteGenerator" */;
			buildPhases = (
				9B7A1E7A281AB9BE007EC16F /* Sources */,
				9B7A1E7B281AB9BE007EC16F /* Frameworks */,
				9B7A1E7C281AB9BE007EC16F /* Resources */,
			);
			buildRules = (
			);
			dependencies = (
			);
			name = QuoteGenerator;
			productName = QuoteGenerator;
			productReference = 9B7A1E7E281AB9BE007EC16F /* QuoteGenerator.app */;
			productType = "com.apple.product-type.application";
		};
		9B7A1E93281AB9C0007EC16F /* QuoteGeneratorTests */ = {
			isa = PBXNativeTarget;
			buildConfigurationList = 9B7A1EAB281AB9C0007EC16F /* Build configuration list for PBXNativeTarget "QuoteGeneratorTests" */;
			buildPhases = (
				9B7A1E90281AB9C0007EC16F /* Sources */,
				9B7A1E91281AB9C0007EC16F /* Frameworks */,
				9B7A1E92281AB9C0007EC16F /* Resources */,
			);
			buildRules = (
			);
			dependencies = (
				9B7A1E96281AB9C0007EC16F /* PBXTargetDependency */,
			);
			name = QuoteGeneratorTests;
			productName = QuoteGeneratorTests;
			productReference = 9B7A1E94281AB9C0007EC16F /* QuoteGeneratorTests.xctest */;
			productType = "com.apple.product-type.bundle.unit-test";
		};
		9B7A1E9D281AB9C0007EC16F /* QuoteGeneratorUITests */ = {
			isa = PBXNativeTarget;
			buildConfigurationList = 9B7A1EAE281AB9C0007EC16F /* Build configuration list for PBXNativeTarget "QuoteGeneratorUITests" */;
			buildPhases = (
				9B7A1E9A281AB9C0007EC16F /* Sources */,
				9B7A1E9B281AB9C0007EC16F /* Frameworks */,
				9B7A1E9C281AB9C0007EC16F /* Resources */,
			);
			buildRules = (
			);
			dependencies = (
				9B7A1EA0281AB9C0007EC16F /* PBXTargetDependency */,
			);
			name = QuoteGeneratorUITests;
			productName = QuoteGeneratorUITests;
			productReference = 9B7A1E9E281AB9C0007EC16F /* QuoteGeneratorUITests.xctest */;
			productType = "com.apple.product-type.bundle.ui-testing";
		};
/* End PBXNativeTarget section */

/* Begin PBXProject section */
		9B7A1E76281AB9BE007EC16F /* Project object */ = {
			isa = PBXProject;
			attributes = {
				BuildIndependentTargetsInParallel = 1;
				LastSwiftUpdateCheck = 1330;
				LastUpgradeCheck = 1330;
				TargetAttributes = {
					9B7A1E7D281AB9BE007EC16F = {
						CreatedOnToolsVersion = 13.3.1;
					};
					9B7A1E93281AB9C0007EC16F = {
						CreatedOnToolsVersion = 13.3.1;
						TestTargetID = 9B7A1E7D281AB9BE007EC16F;
					};
					9B7A1E9D281AB9C0007EC16F = {
						CreatedOnToolsVersion = 13.3.1;
						TestTargetID = 9B7A1E7D281AB9BE007EC16F;
					};
				};
			};
			buildConfigurationList = 9B7A1E79281AB9BE007EC16F /* Build configuration list for PBXProject "QuoteGenerator" */;
			compatibilityVersion = "Xcode 13.0";
			developmentRegion = en;
			hasScannedForEncodings = 0;
			knownRegions = (
				en,
				Base,
			);
			mainGroup = 9B7A1E75281AB9BE007EC16F;
			productRefGroup = 9B7A1E7F281AB9BE007EC16F /* Products */;
			projectDirPath = "";
			projectRoot = "";
			targets = (
				9B7A1E7D281AB9BE007EC16F /* QuoteGenerator */,
				9B7A1E93281AB9C0007EC16F /* QuoteGeneratorTests */,
				9B7A1E9D281AB9C0007EC16F /* QuoteGeneratorUITests */,
			);
		};
/* End PBXProject section */

/* Begin PBXResourcesBuildPhase section */
		9B7A1E7C281AB9BE007EC16F /* Resources */ = {
			isa = PBXResourcesBuildPhase;
			buildActionMask = 2147483647;
			files = (
				9B7A1E8E281AB9C0007EC16F /* LaunchScreen.storyboard in Resources */,
				9B7A1E8B281AB9C0007EC16F /* Assets.xcassets in Resources */,
				9B7A1E89281AB9BE007EC16F /* Main.storyboard in Resources */,
			);
			runOnlyForDeploymentPostprocessing = 0;
		};
		9B7A1E92281AB9C0007EC16F /* Resources */ = {
			isa = PBXResourcesBuildPhase;
			buildActionMask = 2147483647;
			files = (
			);
			runOnlyForDeploymentPostprocessing = 0;
		};
		9B7A1E9C281AB9C0007EC16F /* Resources */ = {
			isa = PBXResourcesBuildPhase;
			buildActionMask = 2147483647;
			files = (
			);
			runOnlyForDeploymentPostprocessing = 0;
		};
/* End PBXResourcesBuildPhase section */

/* Begin PBXSourcesBuildPhase section */
		9B7A1E7A281AB9BE007EC16F /* Sources */ = {
			isa = PBXSourcesBuildPhase;
			buildActionMask = 2147483647;
			files = (
				9B7A1EB2281AC1B0007EC16F /* Quote.swift in Sources */,
				9B7A1E86281AB9BE007EC16F /* ViewController.swift in Sources */,
				9B7A1E82281AB9BE007EC16F /* AppDelegate.swift in Sources */,
				9B7A1E84281AB9BE007EC16F /* SceneDelegate.swift in Sources */,
			);
			runOnlyForDeploymentPostprocessing = 0;
		};
		9B7A1E90281AB9C0007EC16F /* Sources */ = {
			isa = PBXSourcesBuildPhase;
			buildActionMask = 2147483647;
			files = (
				9B7A1E99281AB9C0007EC16F /* QuoteGeneratorTests.swift in Sources */,
			);
			runOnlyForDeploymentPostprocessing = 0;
		};
		9B7A1E9A281AB9C0007EC16F /* Sources */ = {
			isa = PBXSourcesBuildPhase;
			buildActionMask = 2147483647;
			files = (
				9B7A1EA3281AB9C0007EC16F /* QuoteGeneratorUITests.swift in Sources */,
				9B7A1EA5281AB9C0007EC16F /* QuoteGeneratorUITestsLaunchTests.swift in Sources */,
			);
			runOnlyForDeploymentPostprocessing = 0;
		};
/* End PBXSourcesBuildPhase section */

/* Begin PBXTargetDependency section */
		9B7A1E96281AB9C0007EC16F /* PBXTargetDependency */ = {
			isa = PBXTargetDependency;
			target = 9B7A1E7D281AB9BE007EC16F /* QuoteGenerator */;
			targetProxy = 9B7A1E95281AB9C0007EC16F /* PBXContainerItemProxy */;
		};
		9B7A1EA0281AB9C0007EC16F /* PBXTargetDependency */ = {
			isa = PBXTargetDependency;
			target = 9B7A1E7D281AB9BE007EC16F /* QuoteGenerator */;
			targetProxy = 9B7A1E9F281AB9C0007EC16F /* PBXContainerItemProxy */;
		};
/* End PBXTargetDependency section */

/* Begin PBXVariantGroup section */
		9B7A1E87281AB9BE007EC16F /* Main.storyboard */ = {
			isa = PBXVariantGroup;
			children = (
				9B7A1E88281AB9BE007EC16F /* Base */,
			);
			name = Main.storyboard;
			sourceTree = "<group>";
		};
		9B7A1E8C281AB9C0007EC16F /* LaunchScreen.storyboard */ = {
			isa = PBXVariantGroup;
			children = (
				9B7A1E8D281AB9C0007EC16F /* Base */,
			);
			name = LaunchScreen.storyboard;
			sourceTree = "<group>";
		};
/* End PBXVariantGroup section */

/* Begin XCBuildConfiguration section */
		9B7A1EA6281AB9C0007EC16F /* Debug */ = {
			isa = XCBuildConfiguration;
			buildSettings = {
				ALWAYS_SEARCH_USER_PATHS = NO;
				CLANG_ANALYZER_NONNULL = YES;
				CLANG_ANALYZER_NUMBER_OBJECT_CONVERSION = YES_AGGRESSIVE;
				CLANG_CXX_LANGUAGE_STANDARD = "gnu++17";
				CLANG_ENABLE_MODULES = YES;
				CLANG_ENABLE_OBJC_ARC = YES;
				CLANG_ENABLE_OBJC_WEAK = YES;
				CLANG_WARN_BLOCK_CAPTURE_AUTORELEASING = YES;
				CLANG_WARN_BOOL_CONVERSION = YES;
				CLANG_WARN_COMMA = YES;
				CLANG_WARN_CONSTANT_CONVERSION = YES;
				CLANG_WARN_DEPRECATED_OBJC_IMPLEMENTATIONS = YES;
				CLANG_WARN_DIRECT_OBJC_ISA_USAGE = YES_ERROR;
				CLANG_WARN_DOCUMENTATION_COMMENTS = YES;
				CLANG_WARN_EMPTY_BODY = YES;
				CLANG_WARN_ENUM_CONVERSION = YES;
				CLANG_WARN_INFINITE_RECURSION = YES;
				CLANG_WARN_INT_CONVERSION = YES;
				CLANG_WARN_NON_LITERAL_NULL_CONVERSION = YES;
				CLANG_WARN_OBJC_IMPLICIT_RETAIN_SELF = YES;
				CLANG_WARN_OBJC_LITERAL_CONVERSION = YES;
				CLANG_WARN_OBJC_ROOT_CLASS = YES_ERROR;
				CLANG_WARN_QUOTED_INCLUDE_IN_FRAMEWORK_HEADER = YES;
				CLANG_WARN_RANGE_LOOP_ANALYSIS = YES;
				CLANG_WARN_STRICT_PROTOTYPES = YES;
				CLANG_WARN_SUSPICIOUS_MOVE = YES;
				CLANG_WARN_UNGUARDED_AVAILABILITY = YES_AGGRESSIVE;
				CLANG_WARN_UNREACHABLE_CODE = YES;
				CLANG_WARN__DUPLICATE_METHOD_MATCH = YES;
				COPY_PHASE_STRIP = NO;
				DEBUG_INFORMATION_FORMAT = dwarf;
				ENABLE_STRICT_OBJC_MSGSEND = YES;
				ENABLE_TESTABILITY = YES;
				GCC_C_LANGUAGE_STANDARD = gnu11;
				GCC_DYNAMIC_NO_PIC = NO;
				GCC_NO_COMMON_BLOCKS = YES;
				GCC_OPTIMIZATION_LEVEL = 0;
				GCC_PREPROCESSOR_DEFINITIONS = (
					"DEBUG=1",
					"$(inherited)",
				);
				GCC_WARN_64_TO_32_BIT_CONVERSION = YES;
				GCC_WARN_ABOUT_RETURN_TYPE = YES_ERROR;
				GCC_WARN_UNDECLARED_SELECTOR = YES;
				GCC_WARN_UNINITIALIZED_AUTOS = YES_AGGRESSIVE;
				GCC_WARN_UNUSED_FUNCTION = YES;
				GCC_WARN_UNUSED_VARIABLE = YES;
				IPHONEOS_DEPLOYMENT_TARGET = 15.4;
				MTL_ENABLE_DEBUG_INFO = INCLUDE_SOURCE;
				MTL_FAST_MATH = YES;
				ONLY_ACTIVE_ARCH = YES;
				SDKROOT = iphoneos;
				SWIFT_ACTIVE_COMPILATION_CONDITIONS = DEBUG;
				SWIFT_OPTIMIZATION_LEVEL = "-Onone";
			};
			name = Debug;
		};
		9B7A1EA7281AB9C0007EC16F /* Release */ = {
			isa = XCBuildConfiguration;
			buildSettings = {
				ALWAYS_SEARCH_USER_PATHS = NO;
				CLANG_ANALYZER_NONNULL = YES;
				CLANG_ANALYZER_NUMBER_OBJECT_CONVERSION = YES_AGGRESSIVE;
				CLANG_CXX_LANGUAGE_STANDARD = "gnu++17";
				CLANG_ENABLE_MODULES = YES;
				CLANG_ENABLE_OBJC_ARC = YES;
				CLANG_ENABLE_OBJC_WEAK = YES;
				CLANG_WARN_BLOCK_CAPTURE_AUTORELEASING = YES;
				CLANG_WARN_BOOL_CONVERSION = YES;
				CLANG_WARN_COMMA = YES;
				CLANG_WARN_CONSTANT_CONVERSION = YES;
				CLANG_WARN_DEPRECATED_OBJC_IMPLEMENTATIONS = YES;
				CLANG_WARN_DIRECT_OBJC_ISA_USAGE = YES_ERROR;
				CLANG_WARN_DOCUMENTATION_COMMENTS = YES;
				CLANG_WARN_EMPTY_BODY = YES;
				CLANG_WARN_ENUM_CONVERSION = YES;
				CLANG_WARN_INFINITE_RECURSION = YES;
				CLANG_WARN_INT_CONVERSION = YES;
				CLANG_WARN_NON_LITERAL_NULL_CONVERSION = YES;
				CLANG_WARN_OBJC_IMPLICIT_RETAIN_SELF = YES;
				CLANG_WARN_OBJC_LITERAL_CONVERSION = YES;
				CLANG_WARN_OBJC_ROOT_CLASS = YES_ERROR;
				CLANG_WARN_QUOTED_INCLUDE_IN_FRAMEWORK_HEADER = YES;
				CLANG_WARN_RANGE_LOOP_ANALYSIS = YES;
				CLANG_WARN_STRICT_PROTOTYPES = YES;
				CLANG_WARN_SUSPICIOUS_MOVE = YES;
				CLANG_WARN_UNGUARDED_AVAILABILITY = YES_AGGRESSIVE;
				CLANG_WARN_UNREACHABLE_CODE = YES;
				CLANG_WARN__DUPLICATE_METHOD_MATCH = YES;
				COPY_PHASE_STRIP = NO;
				DEBUG_INFORMATION_FORMAT = "dwarf-with-dsym";
				ENABLE_NS_ASSERTIONS = NO;
				ENABLE_STRICT_OBJC_MSGSEND = YES;
				GCC_C_LANGUAGE_STANDARD = gnu11;
				GCC_NO_COMMON_BLOCKS = YES;
				GCC_WARN_64_TO_32_BIT_CONVERSION = YES;
				GCC_WARN_ABOUT_RETURN_TYPE = YES_ERROR;
				GCC_WARN_UNDECLARED_SELECTOR = YES;
				GCC_WARN_UNINITIALIZED_AUTOS = YES_AGGRESSIVE;
				GCC_WARN_UNUSED_FUNCTION = YES;
				GCC_WARN_UNUSED_VARIABLE = YES;
				IPHONEOS_DEPLOYMENT_TARGET = 15.4;
				MTL_ENABLE_DEBUG_INFO = NO;
				MTL_FAST_MATH = YES;
				SDKROOT = iphoneos;
				SWIFT_COMPILATION_MODE = wholemodule;
				SWIFT_OPTIMIZATION_LEVEL = "-O";
				VALIDATE_PRODUCT = YES;
			};
			name = Release;
		};
		9B7A1EA9281AB9C0007EC16F /* Debug */ = {
			isa = XCBuildConfiguration;
			buildSettings = {
				ASSETCATALOG_COMPILER_APPICON_NAME = AppIcon;
				ASSETCATALOG_COMPILER_GLOBAL_ACCENT_COLOR_NAME = AccentColor;
				CODE_SIGN_STYLE = Automatic;
				CURRENT_PROJECT_VERSION = 1;
				DEVELOPMENT_TEAM = 9LAFQ24GSN;
				GENERATE_INFOPLIST_FILE = YES;
				INFOPLIST_FILE = QuoteGenerator/Info.plist;
				INFOPLIST_KEY_UIApplicationSupportsIndirectInputEvents = YES;
				INFOPLIST_KEY_UILaunchStoryboardName = LaunchScreen;
				INFOPLIST_KEY_UIMainStoryboardFile = Main;
				INFOPLIST_KEY_UISupportedInterfaceOrientations_iPad = "UIInterfaceOrientationPortrait UIInterfaceOrientationPortraitUpsideDown UIInterfaceOrientationLandscapeLeft UIInterfaceOrientationLandscapeRight";
				INFOPLIST_KEY_UISupportedInterfaceOrientations_iPhone = "UIInterfaceOrientationPortrait UIInterfaceOrientationLandscapeLeft UIInterfaceOrientationLandscapeRight";
				LD_RUNPATH_SEARCH_PATHS = (
					"$(inherited)",
					"@executable_path/Frameworks",
				);
				MARKETING_VERSION = 1.0;
				PRODUCT_BUNDLE_IDENTIFIER = Jason.QuoteGenerator;
				PRODUCT_NAME = "$(TARGET_NAME)";
				SWIFT_EMIT_LOC_STRINGS = YES;
				SWIFT_VERSION = 5.0;
				TARGETED_DEVICE_FAMILY = "1,2";
			};
			name = Debug;
		};
		9B7A1EAA281AB9C0007EC16F /* Release */ = {
			isa = XCBuildConfiguration;
			buildSettings = {
				ASSETCATALOG_COMPILER_APPICON_NAME = AppIcon;
				ASSETCATALOG_COMPILER_GLOBAL_ACCENT_COLOR_NAME = AccentColor;
				CODE_SIGN_STYLE = Automatic;
				CURRENT_PROJECT_VERSION = 1;
				DEVELOPMENT_TEAM = 9LAFQ24GSN;
				GENERATE_INFOPLIST_FILE = YES;
				INFOPLIST_FILE = QuoteGenerator/Info.plist;
				INFOPLIST_KEY_UIApplicationSupportsIndirectInputEvents = YES;
				INFOPLIST_KEY_UILaunchStoryboardName = LaunchScreen;
				INFOPLIST_KEY_UIMainStoryboardFile = Main;
				INFOPLIST_KEY_UISupportedInterfaceOrientations_iPad = "UIInterfaceOrientationPortrait UIInterfaceOrientationPortraitUpsideDown UIInterfaceOrientationLandscapeLeft UIInterfaceOrientationLandscapeRight";
				INFOPLIST_KEY_UISupportedInterfaceOrientations_iPhone = "UIInterfaceOrientationPortrait UIInterfaceOrientationLandscapeLeft UIInterfaceOrientationLandscapeRight";
				LD_RUNPATH_SEARCH_PATHS = (
					"$(inherited)",
					"@executable_path/Frameworks",
				);
				MARKETING_VERSION = 1.0;
				PRODUCT_BUNDLE_IDENTIFIER = Jason.QuoteGenerator;
				PRODUCT_NAME = "$(TARGET_NAME)";
				SWIFT_EMIT_LOC_STRINGS = YES;
				SWIFT_VERSION = 5.0;
				TARGETED_DEVICE_FAMILY = "1,2";
			};
			name = Release;
		};
		9B7A1EAC281AB9C0007EC16F /* Debug */ = {
			isa = XCBuildConfiguration;
			buildSettings = {
				ALWAYS_EMBED_SWIFT_STANDARD_LIBRARIES = YES;
				BUNDLE_LOADER = "$(TEST_HOST)";
				CODE_SIGN_STYLE = Automatic;
				CURRENT_PROJECT_VERSION = 1;
				DEVELOPMENT_TEAM = 9LAFQ24GSN;
				GENERATE_INFOPLIST_FILE = YES;
				IPHONEOS_DEPLOYMENT_TARGET = 15.4;
				MARKETING_VERSION = 1.0;
				PRODUCT_BUNDLE_IDENTIFIER = Jason.QuoteGeneratorTests;
				PRODUCT_NAME = "$(TARGET_NAME)";
				SWIFT_EMIT_LOC_STRINGS = NO;
				SWIFT_VERSION = 5.0;
				TARGETED_DEVICE_FAMILY = "1,2";
				TEST_HOST = "$(BUILT_PRODUCTS_DIR)/QuoteGenerator.app/QuoteGenerator";
			};
			name = Debug;
		};
		9B7A1EAD281AB9C0007EC16F /* Release */ = {
			isa = XCBuildConfiguration;
			buildSettings = {
				ALWAYS_EMBED_SWIFT_STANDARD_LIBRARIES = YES;
				BUNDLE_LOADER = "$(TEST_HOST)";
				CODE_SIGN_STYLE = Automatic;
				CURRENT_PROJECT_VERSION = 1;
				DEVELOPMENT_TEAM = 9LAFQ24GSN;
				GENERATE_INFOPLIST_FILE = YES;
				IPHONEOS_DEPLOYMENT_TARGET = 15.4;
				MARKETING_VERSION = 1.0;
				PRODUCT_BUNDLE_IDENTIFIER = Jason.QuoteGeneratorTests;
				PRODUCT_NAME = "$(TARGET_NAME)";
				SWIFT_EMIT_LOC_STRINGS = NO;
				SWIFT_VERSION = 5.0;
				TARGETED_DEVICE_FAMILY = "1,2";
				TEST_HOST = "$(BUILT_PRODUCTS_DIR)/QuoteGenerator.app/QuoteGenerator";
			};
			name = Release;
		};
		9B7A1EAF281AB9C0007EC16F /* Debug */ = {
			isa = XCBuildConfiguration;
			buildSettings = {
				ALWAYS_EMBED_SWIFT_STANDARD_LIBRARIES = YES;
				CODE_SIGN_STYLE = Automatic;
				CURRENT_PROJECT_VERSION = 1;
				DEVELOPMENT_TEAM = 9LAFQ24GSN;
				GENERATE_INFOPLIST_FILE = YES;
				MARKETING_VERSION = 1.0;
				PRODUCT_BUNDLE_IDENTIFIER = Jason.QuoteGeneratorUITests;
				PRODUCT_NAME = "$(TARGET_NAME)";
				SWIFT_EMIT_LOC_STRINGS = NO;
				SWIFT_VERSION = 5.0;
				TARGETED_DEVICE_FAMILY = "1,2";
				TEST_TARGET_NAME = QuoteGenerator;
			};
			name = Debug;
		};
		9B7A1EB0281AB9C0007EC16F /* Release */ = {
			isa = XCBuildConfiguration;
			buildSettings = {
				ALWAYS_EMBED_SWIFT_STANDARD_LIBRARIES = YES;
				CODE_SIGN_STYLE = Automatic;
				CURRENT_PROJECT_VERSION = 1;
				DEVELOPMENT_TEAM = 9LAFQ24GSN;
				GENERATE_INFOPLIST_FILE = YES;
				MARKETING_VERSION = 1.0;
				PRODUCT_BUNDLE_IDENTIFIER = Jason.QuoteGeneratorUITests;
				PRODUCT_NAME = "$(TARGET_NAME)";
				SWIFT_EMIT_LOC_STRINGS = NO;
				SWIFT_VERSION = 5.0;
				TARGETED_DEVICE_FAMILY = "1,2";
				TEST_TARGET_NAME = QuoteGenerator;
			};
			name = Release;
		};
/* End XCBuildConfiguration section */

/* Begin XCConfigurationList section */
		9B7A1E79281AB9BE007EC16F /* Build configuration list for PBXProject "QuoteGenerator" */ = {
			isa = XCConfigurationList;
			buildConfigurations = (
				9B7A1EA6281AB9C0007EC16F /* Debug */,
				9B7A1EA7281AB9C0007EC16F /* Release */,
			);
			defaultConfigurationIsVisible = 0;
			defaultConfigurationName = Release;
		};
		9B7A1EA8281AB9C0007EC16F /* Build configuration list for PBXNativeTarget "QuoteGenerator" */ = {
			isa = XCConfigurationList;
			buildConfigurations = (
				9B7A1EA9281AB9C0007EC16F /* Debug */,
				9B7A1EAA281AB9C0007EC16F /* Release */,
			);
			defaultConfigurationIsVisible = 0;
			defaultConfigurationName = Release;
		};
		9B7A1EAB281AB9C0007EC16F /* Build configuration list for PBXNativeTarget "QuoteGeneratorTests" */ = {
			isa = XCConfigurationList;
			buildConfigurations = (
				9B7A1EAC281AB9C0007EC16F /* Debug */,
				9B7A1EAD281AB9C0007EC16F /* Release */,
			);
			defaultConfigurationIsVisible = 0;
			defaultConfigurationName = Release;
		};
		9B7A1EAE281AB9C0007EC16F /* Build configuration list for PBXNativeTarget "QuoteGeneratorUITests" */ = {
			isa = XCConfigurationList;
			buildConfigurations = (
				9B7A1EAF281AB9C0007EC16F /* Debug */,
				9B7A1EB0281AB9C0007EC16F /* Release */,
			);
			defaultConfigurationIsVisible = 0;
			defaultConfigurationName = Release;
		};
/* End XCConfigurationList section */
	};
	rootObject = 9B7A1E76281AB9BE007EC16F /* Project object */;
}
